// !$*UTF8*$!
{
	archiveVersion = 1;
	classes = {
	};
	objectVersion = 56;
	objects = {

/* Begin PBXBuildFile section */
		0A03CD5B29B984A500B9CC8E /* UIColor + Extensions.swift in Sources */ = {isa = PBXBuildFile; fileRef = 0A03CD5A29B984A500B9CC8E /* UIColor + Extensions.swift */; };
		0A03CD5F29B988EE00B9CC8E /* Date + Extensions.swift in Sources */ = {isa = PBXBuildFile; fileRef = 0A03CD5E29B988EE00B9CC8E /* Date + Extensions.swift */; };
		0A03CD6329B98A2300B9CC8E /* ProfileModel.swift in Sources */ = {isa = PBXBuildFile; fileRef = 0A03CD6229B98A2300B9CC8E /* ProfileModel.swift */; };
		0A03CD6B29B9907400B9CC8E /* ChannelsListCell.swift in Sources */ = {isa = PBXBuildFile; fileRef = 0A03CD6A29B9907400B9CC8E /* ChannelsListCell.swift */; };
		0A03CD7029B99BBE00B9CC8E /* ChannelViewController.swift in Sources */ = {isa = PBXBuildFile; fileRef = 0A03CD6F29B99BBE00B9CC8E /* ChannelViewController.swift */; };
		0A03CD7229B99C1300B9CC8E /* ChannelCell.swift in Sources */ = {isa = PBXBuildFile; fileRef = 0A03CD7129B99C1300B9CC8E /* ChannelCell.swift */; };
		0A03CD7629B9DA0C00B9CC8E /* Array + Extensions.swift in Sources */ = {isa = PBXBuildFile; fileRef = 0A03CD7529B9DA0C00B9CC8E /* Array + Extensions.swift */; };
		0A2377A42A0BDF4B00B8B2AD /* ChatUITests.swift in Sources */ = {isa = PBXBuildFile; fileRef = 0A2377A32A0BDF4B00B8B2AD /* ChatUITests.swift */; };
		0A2377C02A0BF7B000B8B2AD /* FileManagerServiceMock.swift in Sources */ = {isa = PBXBuildFile; fileRef = 0A2377BF2A0BF7B000B8B2AD /* FileManagerServiceMock.swift */; };
		0A2377C52A0C077800B8B2AD /* PhotoLoaderServiceTests.swift in Sources */ = {isa = PBXBuildFile; fileRef = 0A2377C42A0C077800B8B2AD /* PhotoLoaderServiceTests.swift */; };
		0A2377C92A0C07F600B8B2AD /* NetworkServiceMock.swift in Sources */ = {isa = PBXBuildFile; fileRef = 0A2377C82A0C07F600B8B2AD /* NetworkServiceMock.swift */; };
		0A2377CB2A0C14C900B8B2AD /* CoreDataServiceMock.swift in Sources */ = {isa = PBXBuildFile; fileRef = 0A2377CA2A0C14C900B8B2AD /* CoreDataServiceMock.swift */; };
		0A2377CE2A0C152600B8B2AD /* ProfileServiceTests.swift in Sources */ = {isa = PBXBuildFile; fileRef = 0A2377CD2A0C152600B8B2AD /* ProfileServiceTests.swift */; };
		0A3D726929CB3599002774AE /* String + Extensions.swift in Sources */ = {isa = PBXBuildFile; fileRef = 0A3D726829CB3599002774AE /* String + Extensions.swift */; };
		0A3ED4A92A026C8D00EDCA2F /* FileManagerServiceError.swift in Sources */ = {isa = PBXBuildFile; fileRef = 0A3ED4A82A026C8D00EDCA2F /* FileManagerServiceError.swift */; };
		0A3ED4AB2A026CC000EDCA2F /* CoreDataServiceError.swift in Sources */ = {isa = PBXBuildFile; fileRef = 0A3ED4AA2A026CC000EDCA2F /* CoreDataServiceError.swift */; };
		0A3ED4AD2A026E5000EDCA2F /* ProfileServiceError.swift in Sources */ = {isa = PBXBuildFile; fileRef = 0A3ED4AC2A026E5000EDCA2F /* ProfileServiceError.swift */; };
		0A3ED4AF2A02730000EDCA2F /* DataServiceError.swift in Sources */ = {isa = PBXBuildFile; fileRef = 0A3ED4AE2A02730000EDCA2F /* DataServiceError.swift */; };
		0A3ED4B12A02997400EDCA2F /* ChannelModuleOutput.swift in Sources */ = {isa = PBXBuildFile; fileRef = 0A3ED4B02A02997400EDCA2F /* ChannelModuleOutput.swift */; };
		0A41D39B29E6D75500FE0A0F /* Chat.xcdatamodeld in Sources */ = {isa = PBXBuildFile; fileRef = 0A41D39929E6D75500FE0A0F /* Chat.xcdatamodeld */; };
		0A41D71B29C97FE600F7987D /* ProfileEditCell.swift in Sources */ = {isa = PBXBuildFile; fileRef = 0A41D71A29C97FE600F7987D /* ProfileEditCell.swift */; };
		0A47FB6729FAB50400D4736F /* UITableView + Extensions.swift in Sources */ = {isa = PBXBuildFile; fileRef = 0A47FB6629FAB50400D4736F /* UITableView + Extensions.swift */; };
		0A47FB6E29FAB53A00D4736F /* CoreDataService.swift in Sources */ = {isa = PBXBuildFile; fileRef = 0A47FB6929FAB53A00D4736F /* CoreDataService.swift */; };
		0A47FB6F29FAB53A00D4736F /* CoreDataServiceImpl.swift in Sources */ = {isa = PBXBuildFile; fileRef = 0A47FB6A29FAB53A00D4736F /* CoreDataServiceImpl.swift */; };
		0A47FB7029FAB53A00D4736F /* FileManagerServiceImpl.swift in Sources */ = {isa = PBXBuildFile; fileRef = 0A47FB6C29FAB53A00D4736F /* FileManagerServiceImpl.swift */; };
		0A47FB7129FAB53A00D4736F /* FileManagerService.swift in Sources */ = {isa = PBXBuildFile; fileRef = 0A47FB6D29FAB53A00D4736F /* FileManagerService.swift */; };
		0A47FB7829FABACF00D4736F /* ServiceAssembly.swift in Sources */ = {isa = PBXBuildFile; fileRef = 0A47FB7729FABACF00D4736F /* ServiceAssembly.swift */; };
		0A4D605529DB3EAA00585535 /* ProfileViewController.swift in Sources */ = {isa = PBXBuildFile; fileRef = 0AF3178F29A3C1BB005417A5 /* ProfileViewController.swift */; };
		0A5184C82A019D6A00055B61 /* ChannelPhotoCellDelegate.swift in Sources */ = {isa = PBXBuildFile; fileRef = 0A5184C72A019D6A00055B61 /* ChannelPhotoCellDelegate.swift */; };
		0A59D0BD29FBEBBB008FD2C6 /* PhotoSelectionViewController.swift in Sources */ = {isa = PBXBuildFile; fileRef = 0A59D0BC29FBEBBB008FD2C6 /* PhotoSelectionViewController.swift */; };
		0A59D0BF29FBEBC3008FD2C6 /* PhotoSelectionPresenter.swift in Sources */ = {isa = PBXBuildFile; fileRef = 0A59D0BE29FBEBC3008FD2C6 /* PhotoSelectionPresenter.swift */; };
		0A59D0C129FBEBCC008FD2C6 /* PhotoSelectionViewOutput.swift in Sources */ = {isa = PBXBuildFile; fileRef = 0A59D0C029FBEBCC008FD2C6 /* PhotoSelectionViewOutput.swift */; };
		0A59D0C329FBEBD6008FD2C6 /* PhotoSelectionViewInput.swift in Sources */ = {isa = PBXBuildFile; fileRef = 0A59D0C229FBEBD6008FD2C6 /* PhotoSelectionViewInput.swift */; };
		0A59D0C929FBF31E008FD2C6 /* PhotoSelectionCell.swift in Sources */ = {isa = PBXBuildFile; fileRef = 0A59D0C829FBF31E008FD2C6 /* PhotoSelectionCell.swift */; };
		0A59D0CB29FC135F008FD2C6 /* PhotoResult.swift in Sources */ = {isa = PBXBuildFile; fileRef = 0A59D0CA29FC135F008FD2C6 /* PhotoResult.swift */; };
		0A59D0CD29FC1505008FD2C6 /* NetworkService.swift in Sources */ = {isa = PBXBuildFile; fileRef = 0A59D0CC29FC1505008FD2C6 /* NetworkService.swift */; };
		0A59D0CF29FC1510008FD2C6 /* NetworkServiceImpl.swift in Sources */ = {isa = PBXBuildFile; fileRef = 0A59D0CE29FC1510008FD2C6 /* NetworkServiceImpl.swift */; };
		0A59D0D229FC330C008FD2C6 /* NetworkServiceError.swift in Sources */ = {isa = PBXBuildFile; fileRef = 0A59D0D129FC330C008FD2C6 /* NetworkServiceError.swift */; };
		0A59D0D529FC383C008FD2C6 /* PhotoLoaderService.swift in Sources */ = {isa = PBXBuildFile; fileRef = 0A59D0D429FC383C008FD2C6 /* PhotoLoaderService.swift */; };
		0A59D0D729FC3842008FD2C6 /* PhotoLoaderServiceImpl.swift in Sources */ = {isa = PBXBuildFile; fileRef = 0A59D0D629FC3842008FD2C6 /* PhotoLoaderServiceImpl.swift */; };
		0A59D0D929FCC520008FD2C6 /* PhotoLoaderError.swift in Sources */ = {isa = PBXBuildFile; fileRef = 0A59D0D829FCC520008FD2C6 /* PhotoLoaderError.swift */; };
		0A59D0DD29FCE202008FD2C6 /* UICollectionView + Extensions.swift in Sources */ = {isa = PBXBuildFile; fileRef = 0A59D0DC29FCE202008FD2C6 /* UICollectionView + Extensions.swift */; };
		0A59D0DF29FD0EE6008FD2C6 /* PhotoSelectionCellDelegate.swift in Sources */ = {isa = PBXBuildFile; fileRef = 0A59D0DE29FD0EE6008FD2C6 /* PhotoSelectionCellDelegate.swift */; };
		0A714C0329DB4B7A007D76C5 /* TabBarController.swift in Sources */ = {isa = PBXBuildFile; fileRef = 0A714C0229DB4B7A007D76C5 /* TabBarController.swift */; };
		0A714C0B29DC5F89007D76C5 /* UIImageView + Extensions.swift in Sources */ = {isa = PBXBuildFile; fileRef = 0A714C0A29DC5F89007D76C5 /* UIImageView + Extensions.swift */; };
		0A72EC842A02EB29000AED23 /* ProfileEditViewController.swift in Sources */ = {isa = PBXBuildFile; fileRef = 0A72EC832A02EB29000AED23 /* ProfileEditViewController.swift */; };
		0A72EC862A02EB32000AED23 /* ProfileEditViewOutput.swift in Sources */ = {isa = PBXBuildFile; fileRef = 0A72EC852A02EB32000AED23 /* ProfileEditViewOutput.swift */; };
		0A72EC882A02EB3A000AED23 /* ProfileEditViewInput.swift in Sources */ = {isa = PBXBuildFile; fileRef = 0A72EC872A02EB3A000AED23 /* ProfileEditViewInput.swift */; };
		0A72EC8A2A02EB43000AED23 /* ProfileEditPresenter.swift in Sources */ = {isa = PBXBuildFile; fileRef = 0A72EC892A02EB43000AED23 /* ProfileEditPresenter.swift */; };
		0A72EC8E2A037FF3000AED23 /* ProfileAnimator.swift in Sources */ = {isa = PBXBuildFile; fileRef = 0A72EC8D2A037FF3000AED23 /* ProfileAnimator.swift */; };
		0A72EC962A03D35C000AED23 /* ParticleAnimation.swift in Sources */ = {isa = PBXBuildFile; fileRef = 0A72EC952A03D35C000AED23 /* ParticleAnimation.swift */; };
		0A751AAC2A04B51C003A11B2 /* PhotoAddingService.swift in Sources */ = {isa = PBXBuildFile; fileRef = 0A751AAB2A04B51C003A11B2 /* PhotoAddingService.swift */; };
		0A751AAE2A04B53C003A11B2 /* PhotoAddingServiceImpl.swift in Sources */ = {isa = PBXBuildFile; fileRef = 0A751AAD2A04B53C003A11B2 /* PhotoAddingServiceImpl.swift */; };
		0A751AB12A04B5F0003A11B2 /* PhotoAddingServiceDelegate.swift in Sources */ = {isa = PBXBuildFile; fileRef = 0A751AB02A04B5F0003A11B2 /* PhotoAddingServiceDelegate.swift */; };
		0A751AB32A04E5E8003A11B2 /* ProfileEditModuleOutput.swift in Sources */ = {isa = PBXBuildFile; fileRef = 0A751AB22A04E5E8003A11B2 /* ProfileEditModuleOutput.swift */; };
		0A751AB52A05000C003A11B2 /* ProfileEditDelegate.swift in Sources */ = {isa = PBXBuildFile; fileRef = 0A751AB42A05000C003A11B2 /* ProfileEditDelegate.swift */; };
		0A751AB82A050B7E003A11B2 /* PhotoAddingView.swift in Sources */ = {isa = PBXBuildFile; fileRef = 0A751AB72A050B7E003A11B2 /* PhotoAddingView.swift */; };
		0A751AC32A064264003A11B2 /* AlertViewModel.swift in Sources */ = {isa = PBXBuildFile; fileRef = 0A751AC22A064264003A11B2 /* AlertViewModel.swift */; };
		0A80C74229E7DBAE00C96E8C /* ChatService + Extensions.swift in Sources */ = {isa = PBXBuildFile; fileRef = 0A80C74129E7DBAE00C96E8C /* ChatService + Extensions.swift */; };
		0A856FE429FAFA3700F46AFC /* ProfileService.swift in Sources */ = {isa = PBXBuildFile; fileRef = 0A856FE229FAFA3700F46AFC /* ProfileService.swift */; };
		0A856FE529FAFA3700F46AFC /* ProfileServiceImpl.swift in Sources */ = {isa = PBXBuildFile; fileRef = 0A856FE329FAFA3700F46AFC /* ProfileServiceImpl.swift */; };
		0A856FE929FAFA4200F46AFC /* ThemesService.swift in Sources */ = {isa = PBXBuildFile; fileRef = 0A856FE729FAFA4200F46AFC /* ThemesService.swift */; };
		0A856FEA29FAFA4200F46AFC /* ThemesServiceImpl.swift in Sources */ = {isa = PBXBuildFile; fileRef = 0A856FE829FAFA4200F46AFC /* ThemesServiceImpl.swift */; };
		0A856FEC29FB9BE100F46AFC /* ProfilePresenter.swift in Sources */ = {isa = PBXBuildFile; fileRef = 0A856FEB29FB9BE100F46AFC /* ProfilePresenter.swift */; };
		0A856FEE29FB9BF400F46AFC /* ProfileViewInput.swift in Sources */ = {isa = PBXBuildFile; fileRef = 0A856FED29FB9BF400F46AFC /* ProfileViewInput.swift */; };
		0A856FF029FB9BFE00F46AFC /* ProfileViewOutput.swift in Sources */ = {isa = PBXBuildFile; fileRef = 0A856FEF29FB9BFE00F46AFC /* ProfileViewOutput.swift */; };
		0A856FFF29FBE4E700F46AFC /* SettingsViewOutput.swift in Sources */ = {isa = PBXBuildFile; fileRef = 0A856FF629FBE4E700F46AFC /* SettingsViewOutput.swift */; };
		0A85700029FBE4E700F46AFC /* ThemesButton.swift in Sources */ = {isa = PBXBuildFile; fileRef = 0A856FF829FBE4E700F46AFC /* ThemesButton.swift */; };
		0A85700129FBE4E700F46AFC /* ThemesViewDelegate.swift in Sources */ = {isa = PBXBuildFile; fileRef = 0A856FF929FBE4E700F46AFC /* ThemesViewDelegate.swift */; };
		0A85700229FBE4E700F46AFC /* ThemesView.swift in Sources */ = {isa = PBXBuildFile; fileRef = 0A856FFA29FBE4E700F46AFC /* ThemesView.swift */; };
		0A85700329FBE4E700F46AFC /* SettingsViewController.swift in Sources */ = {isa = PBXBuildFile; fileRef = 0A856FFB29FBE4E700F46AFC /* SettingsViewController.swift */; };
		0A85700429FBE4E700F46AFC /* SettingsViewInput.swift in Sources */ = {isa = PBXBuildFile; fileRef = 0A856FFC29FBE4E700F46AFC /* SettingsViewInput.swift */; };
		0A85700529FBE4E700F46AFC /* SettingsPresenter.swift in Sources */ = {isa = PBXBuildFile; fileRef = 0A856FFE29FBE4E700F46AFC /* SettingsPresenter.swift */; };
		0A9009772A01054800C8DDB6 /* ChannelImageCell.swift in Sources */ = {isa = PBXBuildFile; fileRef = 0A9009762A01054800C8DDB6 /* ChannelImageCell.swift */; };
		0A9009792A011BF900C8DDB6 /* DataServiceDelegate.swift in Sources */ = {isa = PBXBuildFile; fileRef = 0A9009782A011BF900C8DDB6 /* DataServiceDelegate.swift */; };
		0A9F45B129D74FF400BB7A4A /* UITextField + Extensions.swift in Sources */ = {isa = PBXBuildFile; fileRef = 0A9F45B029D74FF400BB7A4A /* UITextField + Extensions.swift */; };
		0AA2EB9529FD42EC008D0B57 /* PhotoSelectionDelegate.swift in Sources */ = {isa = PBXBuildFile; fileRef = 0AA2EB9429FD42EC008D0B57 /* PhotoSelectionDelegate.swift */; };
		0AA2EBCF29FD550C008D0B57 /* ChannelsListViewInput.swift in Sources */ = {isa = PBXBuildFile; fileRef = 0AA2EBCE29FD550C008D0B57 /* ChannelsListViewInput.swift */; };
		0AA2EBD129FD5518008D0B57 /* ChannelsListViewOutput.swift in Sources */ = {isa = PBXBuildFile; fileRef = 0AA2EBD029FD5518008D0B57 /* ChannelsListViewOutput.swift */; };
		0AA2EBD329FD5551008D0B57 /* ChannelsListPresenter.swift in Sources */ = {isa = PBXBuildFile; fileRef = 0AA2EBD229FD5551008D0B57 /* ChannelsListPresenter.swift */; };
		0AB6B5BA29C1E5CD00361A2C /* CustomNavBar.swift in Sources */ = {isa = PBXBuildFile; fileRef = 0AB6B5B929C1E5CD00361A2C /* CustomNavBar.swift */; };
		0AB6B5CE29C20E1B00361A2C /* ChannelsListHeader.swift in Sources */ = {isa = PBXBuildFile; fileRef = 0AB6B5CD29C20E1B00361A2C /* ChannelsListHeader.swift */; };
		0AB6B5D629C25B4100361A2C /* ChannelHeader.swift in Sources */ = {isa = PBXBuildFile; fileRef = 0AB6B5D529C25B4100361A2C /* ChannelHeader.swift */; };
		0ABA25BB29DF0DAC00BEC0DB /* SortedMessage.swift in Sources */ = {isa = PBXBuildFile; fileRef = 0ABA25BA29DF0DAC00BEC0DB /* SortedMessage.swift */; };
		0AC2F8E829DFC2C100A6F320 /* BubbleView.swift in Sources */ = {isa = PBXBuildFile; fileRef = 0AC2F8E729DFC2C100A6F320 /* BubbleView.swift */; };
		0ACD160C29FEEC8A00F32CAC /* AppCoordinator.swift in Sources */ = {isa = PBXBuildFile; fileRef = 0ACD160B29FEEC8A00F32CAC /* AppCoordinator.swift */; };
		0ACD160F29FEF45C00F32CAC /* ProfileModuleOutput.swift in Sources */ = {isa = PBXBuildFile; fileRef = 0ACD160E29FEF45C00F32CAC /* ProfileModuleOutput.swift */; };
		0ACD164629FFA3F100F32CAC /* ModuleAssembly.swift in Sources */ = {isa = PBXBuildFile; fileRef = 0ACD164529FFA3F100F32CAC /* ModuleAssembly.swift */; };
		0ACD164829FFB9B800F32CAC /* ChannelsCoordinator.swift in Sources */ = {isa = PBXBuildFile; fileRef = 0ACD164729FFB9B800F32CAC /* ChannelsCoordinator.swift */; };
		0ACD164A29FFB9C900F32CAC /* ProfileCoordinator.swift in Sources */ = {isa = PBXBuildFile; fileRef = 0ACD164929FFB9C900F32CAC /* ProfileCoordinator.swift */; };
		0ACD164C29FFB9D400F32CAC /* SettingsCoordinator.swift in Sources */ = {isa = PBXBuildFile; fileRef = 0ACD164B29FFB9D400F32CAC /* SettingsCoordinator.swift */; };
		0ACD164E29FFD60700F32CAC /* ChannelsListModuleOutput.swift in Sources */ = {isa = PBXBuildFile; fileRef = 0ACD164D29FFD60700F32CAC /* ChannelsListModuleOutput.swift */; };
		0ACD165029FFF7E400F32CAC /* SSETransportService.swift in Sources */ = {isa = PBXBuildFile; fileRef = 0ACD164F29FFF7E400F32CAC /* SSETransportService.swift */; };
		0ACD165229FFF7ED00F32CAC /* SSETransportServiceImpl.swift in Sources */ = {isa = PBXBuildFile; fileRef = 0ACD165129FFF7ED00F32CAC /* SSETransportServiceImpl.swift */; };
		0ADAD7F629E7F0C00093D25E /* ChannelModel.swift in Sources */ = {isa = PBXBuildFile; fileRef = 0ADAD7F529E7F0C00093D25E /* ChannelModel.swift */; };
		0ADAD7F829E7F36B0093D25E /* MessageModel.swift in Sources */ = {isa = PBXBuildFile; fileRef = 0ADAD7F729E7F36B0093D25E /* MessageModel.swift */; };
		0ADB6DEF29EAEFE700EBE31F /* ChannelsListDataSource.swift in Sources */ = {isa = PBXBuildFile; fileRef = 0ADB6DEE29EAEFE700EBE31F /* ChannelsListDataSource.swift */; };
		0AEAF80229FD645200B6024F /* ChatTransportServiceImpl.swift in Sources */ = {isa = PBXBuildFile; fileRef = 0AEAF80029FD645200B6024F /* ChatTransportServiceImpl.swift */; };
		0AEAF80329FD645200B6024F /* ChatTransportService.swift in Sources */ = {isa = PBXBuildFile; fileRef = 0AEAF80129FD645200B6024F /* ChatTransportService.swift */; };
		0AEAF80729FD648800B6024F /* DataService.swift in Sources */ = {isa = PBXBuildFile; fileRef = 0AEAF80529FD648800B6024F /* DataService.swift */; };
		0AEAF80829FD648800B6024F /* DataServiceImpl.swift in Sources */ = {isa = PBXBuildFile; fileRef = 0AEAF80629FD648800B6024F /* DataServiceImpl.swift */; };
		0AEAF81129FE78FF00B6024F /* ChannelPresenter.swift in Sources */ = {isa = PBXBuildFile; fileRef = 0AEAF81029FE78FF00B6024F /* ChannelPresenter.swift */; };
		0AEAF81629FE794200B6024F /* ChannelViewInput.swift in Sources */ = {isa = PBXBuildFile; fileRef = 0AEAF81529FE794200B6024F /* ChannelViewInput.swift */; };
		0AEAF81829FE794A00B6024F /* ChannelViewOutput.swift in Sources */ = {isa = PBXBuildFile; fileRef = 0AEAF81729FE794A00B6024F /* ChannelViewOutput.swift */; };
		0AF3176829A0D667005417A5 /* AppDelegate.swift in Sources */ = {isa = PBXBuildFile; fileRef = 0AF3176729A0D667005417A5 /* AppDelegate.swift */; };
		0AF3176C29A0D667005417A5 /* ChannelsListViewController.swift in Sources */ = {isa = PBXBuildFile; fileRef = 0AF3176B29A0D667005417A5 /* ChannelsListViewController.swift */; };
		0AF3177129A0D66A005417A5 /* Assets.xcassets in Resources */ = {isa = PBXBuildFile; fileRef = 0AF3177029A0D66A005417A5 /* Assets.xcassets */; };
		0AF3177429A0D66A005417A5 /* LaunchScreen.storyboard in Resources */ = {isa = PBXBuildFile; fileRef = 0AF3177229A0D66A005417A5 /* LaunchScreen.storyboard */; };
		0AFE033429DB438400672330 /* .swiftlint.yml in Resources */ = {isa = PBXBuildFile; fileRef = 0AFE033329DB438400672330 /* .swiftlint.yml */; };
		0AFEF0512A08F4FF00A06F85 /* AlertCreatorService.swift in Sources */ = {isa = PBXBuildFile; fileRef = 0AFEF0502A08F4FF00A06F85 /* AlertCreatorService.swift */; };
		0AFEF0532A08F50900A06F85 /* AlertCreatorServiceImpl.swift in Sources */ = {isa = PBXBuildFile; fileRef = 0AFEF0522A08F50900A06F85 /* AlertCreatorServiceImpl.swift */; };
		0AFEF0562A09212700A06F85 /* ProfileEditButton.swift in Sources */ = {isa = PBXBuildFile; fileRef = 0AFEF0552A09212700A06F85 /* ProfileEditButton.swift */; };
		7624291884D577B0DE7F4EF7 /* Pods_Chat.framework in Frameworks */ = {isa = PBXBuildFile; fileRef = F66F2529A7C67C5C2B0AAAF5 /* Pods_Chat.framework */; };
/* End PBXBuildFile section */

/* Begin PBXContainerItemProxy section */
		0A2377A72A0BDF4B00B8B2AD /* PBXContainerItemProxy */ = {
			isa = PBXContainerItemProxy;
			containerPortal = 0AF3175C29A0D667005417A5 /* Project object */;
			proxyType = 1;
			remoteGlobalIDString = 0AF3176329A0D667005417A5;
			remoteInfo = Chat;
		};
		0A2377B42A0BDF5700B8B2AD /* PBXContainerItemProxy */ = {
			isa = PBXContainerItemProxy;
			containerPortal = 0AF3175C29A0D667005417A5 /* Project object */;
			proxyType = 1;
			remoteGlobalIDString = 0AF3176329A0D667005417A5;
			remoteInfo = Chat;
		};
/* End PBXContainerItemProxy section */

/* Begin PBXFileReference section */
		0A03CD5A29B984A500B9CC8E /* UIColor + Extensions.swift */ = {isa = PBXFileReference; fileEncoding = 4; lastKnownFileType = sourcecode.swift; path = "UIColor + Extensions.swift"; sourceTree = "<group>"; };
		0A03CD5E29B988EE00B9CC8E /* Date + Extensions.swift */ = {isa = PBXFileReference; lastKnownFileType = sourcecode.swift; path = "Date + Extensions.swift"; sourceTree = "<group>"; };
		0A03CD6229B98A2300B9CC8E /* ProfileModel.swift */ = {isa = PBXFileReference; lastKnownFileType = sourcecode.swift; path = ProfileModel.swift; sourceTree = "<group>"; };
		0A03CD6A29B9907400B9CC8E /* ChannelsListCell.swift */ = {isa = PBXFileReference; lastKnownFileType = sourcecode.swift; path = ChannelsListCell.swift; sourceTree = "<group>"; };
		0A03CD6F29B99BBE00B9CC8E /* ChannelViewController.swift */ = {isa = PBXFileReference; lastKnownFileType = sourcecode.swift; path = ChannelViewController.swift; sourceTree = "<group>"; };
		0A03CD7129B99C1300B9CC8E /* ChannelCell.swift */ = {isa = PBXFileReference; lastKnownFileType = sourcecode.swift; path = ChannelCell.swift; sourceTree = "<group>"; };
		0A03CD7529B9DA0C00B9CC8E /* Array + Extensions.swift */ = {isa = PBXFileReference; lastKnownFileType = sourcecode.swift; path = "Array + Extensions.swift"; sourceTree = "<group>"; };
		0A2377802A0BDC1800B8B2AD /* UnitTestPlan.xctestplan */ = {isa = PBXFileReference; lastKnownFileType = text; path = UnitTestPlan.xctestplan; sourceTree = "<group>"; };
		0A2377A12A0BDF4B00B8B2AD /* ChatUITests.xctest */ = {isa = PBXFileReference; explicitFileType = wrapper.cfbundle; includeInIndex = 0; path = ChatUITests.xctest; sourceTree = BUILT_PRODUCTS_DIR; };
		0A2377A32A0BDF4B00B8B2AD /* ChatUITests.swift */ = {isa = PBXFileReference; lastKnownFileType = sourcecode.swift; path = ChatUITests.swift; sourceTree = "<group>"; };
		0A2377B02A0BDF5700B8B2AD /* ChatUnitTests.xctest */ = {isa = PBXFileReference; explicitFileType = wrapper.cfbundle; includeInIndex = 0; path = ChatUnitTests.xctest; sourceTree = BUILT_PRODUCTS_DIR; };
		0A2377B92A0BE02A00B8B2AD /* UITestPlan.xctestplan */ = {isa = PBXFileReference; lastKnownFileType = text; path = UITestPlan.xctestplan; sourceTree = "<group>"; };
		0A2377BF2A0BF7B000B8B2AD /* FileManagerServiceMock.swift */ = {isa = PBXFileReference; lastKnownFileType = sourcecode.swift; path = FileManagerServiceMock.swift; sourceTree = "<group>"; };
		0A2377C42A0C077800B8B2AD /* PhotoLoaderServiceTests.swift */ = {isa = PBXFileReference; lastKnownFileType = sourcecode.swift; path = PhotoLoaderServiceTests.swift; sourceTree = "<group>"; };
		0A2377C82A0C07F600B8B2AD /* NetworkServiceMock.swift */ = {isa = PBXFileReference; lastKnownFileType = sourcecode.swift; path = NetworkServiceMock.swift; sourceTree = "<group>"; };
		0A2377CA2A0C14C900B8B2AD /* CoreDataServiceMock.swift */ = {isa = PBXFileReference; lastKnownFileType = sourcecode.swift; path = CoreDataServiceMock.swift; sourceTree = "<group>"; };
		0A2377CD2A0C152600B8B2AD /* ProfileServiceTests.swift */ = {isa = PBXFileReference; lastKnownFileType = sourcecode.swift; path = ProfileServiceTests.swift; sourceTree = "<group>"; };
		0A3D726829CB3599002774AE /* String + Extensions.swift */ = {isa = PBXFileReference; lastKnownFileType = sourcecode.swift; path = "String + Extensions.swift"; sourceTree = "<group>"; };
		0A3ED4A82A026C8D00EDCA2F /* FileManagerServiceError.swift */ = {isa = PBXFileReference; lastKnownFileType = sourcecode.swift; path = FileManagerServiceError.swift; sourceTree = "<group>"; };
		0A3ED4AA2A026CC000EDCA2F /* CoreDataServiceError.swift */ = {isa = PBXFileReference; lastKnownFileType = sourcecode.swift; path = CoreDataServiceError.swift; sourceTree = "<group>"; };
		0A3ED4AC2A026E5000EDCA2F /* ProfileServiceError.swift */ = {isa = PBXFileReference; lastKnownFileType = sourcecode.swift; path = ProfileServiceError.swift; sourceTree = "<group>"; };
		0A3ED4AE2A02730000EDCA2F /* DataServiceError.swift */ = {isa = PBXFileReference; lastKnownFileType = sourcecode.swift; path = DataServiceError.swift; sourceTree = "<group>"; };
		0A3ED4B02A02997400EDCA2F /* ChannelModuleOutput.swift */ = {isa = PBXFileReference; lastKnownFileType = sourcecode.swift; path = ChannelModuleOutput.swift; sourceTree = "<group>"; };
		0A41D39A29E6D75500FE0A0F /* Chat.xcdatamodel */ = {isa = PBXFileReference; lastKnownFileType = wrapper.xcdatamodel; path = Chat.xcdatamodel; sourceTree = "<group>"; };
		0A41D71A29C97FE600F7987D /* ProfileEditCell.swift */ = {isa = PBXFileReference; lastKnownFileType = sourcecode.swift; path = ProfileEditCell.swift; sourceTree = "<group>"; };
		0A47FB6629FAB50400D4736F /* UITableView + Extensions.swift */ = {isa = PBXFileReference; lastKnownFileType = sourcecode.swift; path = "UITableView + Extensions.swift"; sourceTree = "<group>"; };
		0A47FB6929FAB53A00D4736F /* CoreDataService.swift */ = {isa = PBXFileReference; fileEncoding = 4; lastKnownFileType = sourcecode.swift; path = CoreDataService.swift; sourceTree = "<group>"; };
		0A47FB6A29FAB53A00D4736F /* CoreDataServiceImpl.swift */ = {isa = PBXFileReference; fileEncoding = 4; lastKnownFileType = sourcecode.swift; path = CoreDataServiceImpl.swift; sourceTree = "<group>"; };
		0A47FB6C29FAB53A00D4736F /* FileManagerServiceImpl.swift */ = {isa = PBXFileReference; fileEncoding = 4; lastKnownFileType = sourcecode.swift; path = FileManagerServiceImpl.swift; sourceTree = "<group>"; };
		0A47FB6D29FAB53A00D4736F /* FileManagerService.swift */ = {isa = PBXFileReference; fileEncoding = 4; lastKnownFileType = sourcecode.swift; path = FileManagerService.swift; sourceTree = "<group>"; };
		0A47FB7729FABACF00D4736F /* ServiceAssembly.swift */ = {isa = PBXFileReference; lastKnownFileType = sourcecode.swift; path = ServiceAssembly.swift; sourceTree = "<group>"; };
		0A5184C72A019D6A00055B61 /* ChannelPhotoCellDelegate.swift */ = {isa = PBXFileReference; lastKnownFileType = sourcecode.swift; path = ChannelPhotoCellDelegate.swift; sourceTree = "<group>"; };
		0A59D0BC29FBEBBB008FD2C6 /* PhotoSelectionViewController.swift */ = {isa = PBXFileReference; lastKnownFileType = sourcecode.swift; path = PhotoSelectionViewController.swift; sourceTree = "<group>"; };
		0A59D0BE29FBEBC3008FD2C6 /* PhotoSelectionPresenter.swift */ = {isa = PBXFileReference; lastKnownFileType = sourcecode.swift; path = PhotoSelectionPresenter.swift; sourceTree = "<group>"; };
		0A59D0C029FBEBCC008FD2C6 /* PhotoSelectionViewOutput.swift */ = {isa = PBXFileReference; lastKnownFileType = sourcecode.swift; path = PhotoSelectionViewOutput.swift; sourceTree = "<group>"; };
		0A59D0C229FBEBD6008FD2C6 /* PhotoSelectionViewInput.swift */ = {isa = PBXFileReference; lastKnownFileType = sourcecode.swift; path = PhotoSelectionViewInput.swift; sourceTree = "<group>"; };
		0A59D0C829FBF31E008FD2C6 /* PhotoSelectionCell.swift */ = {isa = PBXFileReference; lastKnownFileType = sourcecode.swift; path = PhotoSelectionCell.swift; sourceTree = "<group>"; };
		0A59D0CA29FC135F008FD2C6 /* PhotoResult.swift */ = {isa = PBXFileReference; lastKnownFileType = sourcecode.swift; path = PhotoResult.swift; sourceTree = "<group>"; };
		0A59D0CC29FC1505008FD2C6 /* NetworkService.swift */ = {isa = PBXFileReference; lastKnownFileType = sourcecode.swift; path = NetworkService.swift; sourceTree = "<group>"; };
		0A59D0CE29FC1510008FD2C6 /* NetworkServiceImpl.swift */ = {isa = PBXFileReference; lastKnownFileType = sourcecode.swift; path = NetworkServiceImpl.swift; sourceTree = "<group>"; };
		0A59D0D129FC330C008FD2C6 /* NetworkServiceError.swift */ = {isa = PBXFileReference; lastKnownFileType = sourcecode.swift; path = NetworkServiceError.swift; sourceTree = "<group>"; };
		0A59D0D429FC383C008FD2C6 /* PhotoLoaderService.swift */ = {isa = PBXFileReference; lastKnownFileType = sourcecode.swift; path = PhotoLoaderService.swift; sourceTree = "<group>"; };
		0A59D0D629FC3842008FD2C6 /* PhotoLoaderServiceImpl.swift */ = {isa = PBXFileReference; lastKnownFileType = sourcecode.swift; path = PhotoLoaderServiceImpl.swift; sourceTree = "<group>"; };
		0A59D0D829FCC520008FD2C6 /* PhotoLoaderError.swift */ = {isa = PBXFileReference; lastKnownFileType = sourcecode.swift; path = PhotoLoaderError.swift; sourceTree = "<group>"; };
		0A59D0DC29FCE202008FD2C6 /* UICollectionView + Extensions.swift */ = {isa = PBXFileReference; lastKnownFileType = sourcecode.swift; path = "UICollectionView + Extensions.swift"; sourceTree = "<group>"; };
		0A59D0DE29FD0EE6008FD2C6 /* PhotoSelectionCellDelegate.swift */ = {isa = PBXFileReference; lastKnownFileType = sourcecode.swift; path = PhotoSelectionCellDelegate.swift; sourceTree = "<group>"; };
		0A714C0229DB4B7A007D76C5 /* TabBarController.swift */ = {isa = PBXFileReference; lastKnownFileType = sourcecode.swift; path = TabBarController.swift; sourceTree = "<group>"; };
		0A714C0A29DC5F89007D76C5 /* UIImageView + Extensions.swift */ = {isa = PBXFileReference; lastKnownFileType = sourcecode.swift; path = "UIImageView + Extensions.swift"; sourceTree = "<group>"; };
		0A72EC832A02EB29000AED23 /* ProfileEditViewController.swift */ = {isa = PBXFileReference; lastKnownFileType = sourcecode.swift; path = ProfileEditViewController.swift; sourceTree = "<group>"; };
		0A72EC852A02EB32000AED23 /* ProfileEditViewOutput.swift */ = {isa = PBXFileReference; lastKnownFileType = sourcecode.swift; path = ProfileEditViewOutput.swift; sourceTree = "<group>"; };
		0A72EC872A02EB3A000AED23 /* ProfileEditViewInput.swift */ = {isa = PBXFileReference; lastKnownFileType = sourcecode.swift; path = ProfileEditViewInput.swift; sourceTree = "<group>"; };
		0A72EC892A02EB43000AED23 /* ProfileEditPresenter.swift */ = {isa = PBXFileReference; lastKnownFileType = sourcecode.swift; path = ProfileEditPresenter.swift; sourceTree = "<group>"; };
		0A72EC8D2A037FF3000AED23 /* ProfileAnimator.swift */ = {isa = PBXFileReference; lastKnownFileType = sourcecode.swift; path = ProfileAnimator.swift; sourceTree = "<group>"; };
		0A72EC952A03D35C000AED23 /* ParticleAnimation.swift */ = {isa = PBXFileReference; lastKnownFileType = sourcecode.swift; path = ParticleAnimation.swift; sourceTree = "<group>"; };
		0A73A6D82A0FCD9A00C5B768 /* AllTestPlan.xctestplan */ = {isa = PBXFileReference; lastKnownFileType = text; path = AllTestPlan.xctestplan; sourceTree = "<group>"; };
		0A73A6D92A10C32300C5B768 /* Secrets.xcconfig */ = {isa = PBXFileReference; lastKnownFileType = text.xcconfig; path = Secrets.xcconfig; sourceTree = "<group>"; };
		0A751AAB2A04B51C003A11B2 /* PhotoAddingService.swift */ = {isa = PBXFileReference; lastKnownFileType = sourcecode.swift; path = PhotoAddingService.swift; sourceTree = "<group>"; };
		0A751AAD2A04B53C003A11B2 /* PhotoAddingServiceImpl.swift */ = {isa = PBXFileReference; lastKnownFileType = sourcecode.swift; path = PhotoAddingServiceImpl.swift; sourceTree = "<group>"; };
		0A751AB02A04B5F0003A11B2 /* PhotoAddingServiceDelegate.swift */ = {isa = PBXFileReference; lastKnownFileType = sourcecode.swift; path = PhotoAddingServiceDelegate.swift; sourceTree = "<group>"; };
		0A751AB22A04E5E8003A11B2 /* ProfileEditModuleOutput.swift */ = {isa = PBXFileReference; lastKnownFileType = sourcecode.swift; path = ProfileEditModuleOutput.swift; sourceTree = "<group>"; };
		0A751AB42A05000C003A11B2 /* ProfileEditDelegate.swift */ = {isa = PBXFileReference; lastKnownFileType = sourcecode.swift; path = ProfileEditDelegate.swift; sourceTree = "<group>"; };
		0A751AB72A050B7E003A11B2 /* PhotoAddingView.swift */ = {isa = PBXFileReference; lastKnownFileType = sourcecode.swift; path = PhotoAddingView.swift; sourceTree = "<group>"; };
		0A751AC22A064264003A11B2 /* AlertViewModel.swift */ = {isa = PBXFileReference; lastKnownFileType = sourcecode.swift; path = AlertViewModel.swift; sourceTree = "<group>"; };
		0A80C74129E7DBAE00C96E8C /* ChatService + Extensions.swift */ = {isa = PBXFileReference; lastKnownFileType = sourcecode.swift; path = "ChatService + Extensions.swift"; sourceTree = "<group>"; };
		0A856FE229FAFA3700F46AFC /* ProfileService.swift */ = {isa = PBXFileReference; fileEncoding = 4; lastKnownFileType = sourcecode.swift; path = ProfileService.swift; sourceTree = "<group>"; };
		0A856FE329FAFA3700F46AFC /* ProfileServiceImpl.swift */ = {isa = PBXFileReference; fileEncoding = 4; lastKnownFileType = sourcecode.swift; path = ProfileServiceImpl.swift; sourceTree = "<group>"; };
		0A856FE729FAFA4200F46AFC /* ThemesService.swift */ = {isa = PBXFileReference; fileEncoding = 4; lastKnownFileType = sourcecode.swift; path = ThemesService.swift; sourceTree = "<group>"; };
		0A856FE829FAFA4200F46AFC /* ThemesServiceImpl.swift */ = {isa = PBXFileReference; fileEncoding = 4; lastKnownFileType = sourcecode.swift; path = ThemesServiceImpl.swift; sourceTree = "<group>"; };
		0A856FEB29FB9BE100F46AFC /* ProfilePresenter.swift */ = {isa = PBXFileReference; lastKnownFileType = sourcecode.swift; path = ProfilePresenter.swift; sourceTree = "<group>"; };
		0A856FED29FB9BF400F46AFC /* ProfileViewInput.swift */ = {isa = PBXFileReference; lastKnownFileType = sourcecode.swift; path = ProfileViewInput.swift; sourceTree = "<group>"; };
		0A856FEF29FB9BFE00F46AFC /* ProfileViewOutput.swift */ = {isa = PBXFileReference; lastKnownFileType = sourcecode.swift; path = ProfileViewOutput.swift; sourceTree = "<group>"; };
		0A856FF629FBE4E700F46AFC /* SettingsViewOutput.swift */ = {isa = PBXFileReference; fileEncoding = 4; lastKnownFileType = sourcecode.swift; path = SettingsViewOutput.swift; sourceTree = "<group>"; };
		0A856FF829FBE4E700F46AFC /* ThemesButton.swift */ = {isa = PBXFileReference; fileEncoding = 4; lastKnownFileType = sourcecode.swift; path = ThemesButton.swift; sourceTree = "<group>"; };
		0A856FF929FBE4E700F46AFC /* ThemesViewDelegate.swift */ = {isa = PBXFileReference; fileEncoding = 4; lastKnownFileType = sourcecode.swift; path = ThemesViewDelegate.swift; sourceTree = "<group>"; };
		0A856FFA29FBE4E700F46AFC /* ThemesView.swift */ = {isa = PBXFileReference; fileEncoding = 4; lastKnownFileType = sourcecode.swift; path = ThemesView.swift; sourceTree = "<group>"; };
		0A856FFB29FBE4E700F46AFC /* SettingsViewController.swift */ = {isa = PBXFileReference; fileEncoding = 4; lastKnownFileType = sourcecode.swift; path = SettingsViewController.swift; sourceTree = "<group>"; };
		0A856FFC29FBE4E700F46AFC /* SettingsViewInput.swift */ = {isa = PBXFileReference; fileEncoding = 4; lastKnownFileType = sourcecode.swift; path = SettingsViewInput.swift; sourceTree = "<group>"; };
		0A856FFE29FBE4E700F46AFC /* SettingsPresenter.swift */ = {isa = PBXFileReference; fileEncoding = 4; lastKnownFileType = sourcecode.swift; path = SettingsPresenter.swift; sourceTree = "<group>"; };
		0A9009762A01054800C8DDB6 /* ChannelImageCell.swift */ = {isa = PBXFileReference; lastKnownFileType = sourcecode.swift; path = ChannelImageCell.swift; sourceTree = "<group>"; };
		0A9009782A011BF900C8DDB6 /* DataServiceDelegate.swift */ = {isa = PBXFileReference; lastKnownFileType = sourcecode.swift; path = DataServiceDelegate.swift; sourceTree = "<group>"; };
		0A9F45B029D74FF400BB7A4A /* UITextField + Extensions.swift */ = {isa = PBXFileReference; lastKnownFileType = sourcecode.swift; path = "UITextField + Extensions.swift"; sourceTree = "<group>"; };
		0AA2EB9429FD42EC008D0B57 /* PhotoSelectionDelegate.swift */ = {isa = PBXFileReference; lastKnownFileType = sourcecode.swift; path = PhotoSelectionDelegate.swift; sourceTree = "<group>"; };
		0AA2EBCE29FD550C008D0B57 /* ChannelsListViewInput.swift */ = {isa = PBXFileReference; lastKnownFileType = sourcecode.swift; path = ChannelsListViewInput.swift; sourceTree = "<group>"; };
		0AA2EBD029FD5518008D0B57 /* ChannelsListViewOutput.swift */ = {isa = PBXFileReference; lastKnownFileType = sourcecode.swift; path = ChannelsListViewOutput.swift; sourceTree = "<group>"; };
		0AA2EBD229FD5551008D0B57 /* ChannelsListPresenter.swift */ = {isa = PBXFileReference; lastKnownFileType = sourcecode.swift; path = ChannelsListPresenter.swift; sourceTree = "<group>"; };
		0AB26A422A1202FF00B2AACA /* Config.xcconfig */ = {isa = PBXFileReference; lastKnownFileType = text.xcconfig; path = Config.xcconfig; sourceTree = "<group>"; };
		0AB6B5B929C1E5CD00361A2C /* CustomNavBar.swift */ = {isa = PBXFileReference; lastKnownFileType = sourcecode.swift; path = CustomNavBar.swift; sourceTree = "<group>"; };
		0AB6B5CD29C20E1B00361A2C /* ChannelsListHeader.swift */ = {isa = PBXFileReference; lastKnownFileType = sourcecode.swift; path = ChannelsListHeader.swift; sourceTree = "<group>"; };
		0AB6B5D529C25B4100361A2C /* ChannelHeader.swift */ = {isa = PBXFileReference; lastKnownFileType = sourcecode.swift; path = ChannelHeader.swift; sourceTree = "<group>"; };
		0ABA25BA29DF0DAC00BEC0DB /* SortedMessage.swift */ = {isa = PBXFileReference; lastKnownFileType = sourcecode.swift; path = SortedMessage.swift; sourceTree = "<group>"; };
		0AC2F8E729DFC2C100A6F320 /* BubbleView.swift */ = {isa = PBXFileReference; lastKnownFileType = sourcecode.swift; path = BubbleView.swift; sourceTree = "<group>"; };
		0ACD160B29FEEC8A00F32CAC /* AppCoordinator.swift */ = {isa = PBXFileReference; lastKnownFileType = sourcecode.swift; path = AppCoordinator.swift; sourceTree = "<group>"; };
		0ACD160E29FEF45C00F32CAC /* ProfileModuleOutput.swift */ = {isa = PBXFileReference; lastKnownFileType = sourcecode.swift; path = ProfileModuleOutput.swift; sourceTree = "<group>"; };
		0ACD164529FFA3F100F32CAC /* ModuleAssembly.swift */ = {isa = PBXFileReference; lastKnownFileType = sourcecode.swift; path = ModuleAssembly.swift; sourceTree = "<group>"; };
		0ACD164729FFB9B800F32CAC /* ChannelsCoordinator.swift */ = {isa = PBXFileReference; lastKnownFileType = sourcecode.swift; path = ChannelsCoordinator.swift; sourceTree = "<group>"; };
		0ACD164929FFB9C900F32CAC /* ProfileCoordinator.swift */ = {isa = PBXFileReference; lastKnownFileType = sourcecode.swift; path = ProfileCoordinator.swift; sourceTree = "<group>"; };
		0ACD164B29FFB9D400F32CAC /* SettingsCoordinator.swift */ = {isa = PBXFileReference; lastKnownFileType = sourcecode.swift; path = SettingsCoordinator.swift; sourceTree = "<group>"; };
		0ACD164D29FFD60700F32CAC /* ChannelsListModuleOutput.swift */ = {isa = PBXFileReference; lastKnownFileType = sourcecode.swift; path = ChannelsListModuleOutput.swift; sourceTree = "<group>"; };
		0ACD164F29FFF7E400F32CAC /* SSETransportService.swift */ = {isa = PBXFileReference; lastKnownFileType = sourcecode.swift; path = SSETransportService.swift; sourceTree = "<group>"; };
		0ACD165129FFF7ED00F32CAC /* SSETransportServiceImpl.swift */ = {isa = PBXFileReference; lastKnownFileType = sourcecode.swift; path = SSETransportServiceImpl.swift; sourceTree = "<group>"; };
		0ADAD7F529E7F0C00093D25E /* ChannelModel.swift */ = {isa = PBXFileReference; lastKnownFileType = sourcecode.swift; path = ChannelModel.swift; sourceTree = "<group>"; };
		0ADAD7F729E7F36B0093D25E /* MessageModel.swift */ = {isa = PBXFileReference; lastKnownFileType = sourcecode.swift; path = MessageModel.swift; sourceTree = "<group>"; };
		0ADB6DEE29EAEFE700EBE31F /* ChannelsListDataSource.swift */ = {isa = PBXFileReference; lastKnownFileType = sourcecode.swift; path = ChannelsListDataSource.swift; sourceTree = "<group>"; };
		0AEAF80029FD645200B6024F /* ChatTransportServiceImpl.swift */ = {isa = PBXFileReference; fileEncoding = 4; lastKnownFileType = sourcecode.swift; path = ChatTransportServiceImpl.swift; sourceTree = "<group>"; };
		0AEAF80129FD645200B6024F /* ChatTransportService.swift */ = {isa = PBXFileReference; fileEncoding = 4; lastKnownFileType = sourcecode.swift; path = ChatTransportService.swift; sourceTree = "<group>"; };
		0AEAF80529FD648800B6024F /* DataService.swift */ = {isa = PBXFileReference; fileEncoding = 4; lastKnownFileType = sourcecode.swift; path = DataService.swift; sourceTree = "<group>"; };
		0AEAF80629FD648800B6024F /* DataServiceImpl.swift */ = {isa = PBXFileReference; fileEncoding = 4; lastKnownFileType = sourcecode.swift; path = DataServiceImpl.swift; sourceTree = "<group>"; };
		0AEAF81029FE78FF00B6024F /* ChannelPresenter.swift */ = {isa = PBXFileReference; lastKnownFileType = sourcecode.swift; path = ChannelPresenter.swift; sourceTree = "<group>"; };
		0AEAF81529FE794200B6024F /* ChannelViewInput.swift */ = {isa = PBXFileReference; lastKnownFileType = sourcecode.swift; path = ChannelViewInput.swift; sourceTree = "<group>"; };
		0AEAF81729FE794A00B6024F /* ChannelViewOutput.swift */ = {isa = PBXFileReference; lastKnownFileType = sourcecode.swift; path = ChannelViewOutput.swift; sourceTree = "<group>"; };
		0AF3176429A0D667005417A5 /* Chat.app */ = {isa = PBXFileReference; explicitFileType = wrapper.application; includeInIndex = 0; path = Chat.app; sourceTree = BUILT_PRODUCTS_DIR; };
		0AF3176729A0D667005417A5 /* AppDelegate.swift */ = {isa = PBXFileReference; lastKnownFileType = sourcecode.swift; path = AppDelegate.swift; sourceTree = "<group>"; };
		0AF3176B29A0D667005417A5 /* ChannelsListViewController.swift */ = {isa = PBXFileReference; lastKnownFileType = sourcecode.swift; path = ChannelsListViewController.swift; sourceTree = "<group>"; };
		0AF3177029A0D66A005417A5 /* Assets.xcassets */ = {isa = PBXFileReference; lastKnownFileType = folder.assetcatalog; path = Assets.xcassets; sourceTree = "<group>"; };
		0AF3177329A0D66A005417A5 /* Base */ = {isa = PBXFileReference; lastKnownFileType = file.storyboard; name = Base; path = Base.lproj/LaunchScreen.storyboard; sourceTree = "<group>"; };
		0AF3177529A0D66A005417A5 /* Info.plist */ = {isa = PBXFileReference; lastKnownFileType = text.plist.xml; path = Info.plist; sourceTree = "<group>"; };
		0AF3178F29A3C1BB005417A5 /* ProfileViewController.swift */ = {isa = PBXFileReference; lastKnownFileType = sourcecode.swift; path = ProfileViewController.swift; sourceTree = "<group>"; };
		0AFE033329DB438400672330 /* .swiftlint.yml */ = {isa = PBXFileReference; fileEncoding = 4; lastKnownFileType = text.yaml; path = .swiftlint.yml; sourceTree = "<group>"; };
		0AFEF0502A08F4FF00A06F85 /* AlertCreatorService.swift */ = {isa = PBXFileReference; lastKnownFileType = sourcecode.swift; path = AlertCreatorService.swift; sourceTree = "<group>"; };
		0AFEF0522A08F50900A06F85 /* AlertCreatorServiceImpl.swift */ = {isa = PBXFileReference; lastKnownFileType = sourcecode.swift; path = AlertCreatorServiceImpl.swift; sourceTree = "<group>"; };
		0AFEF0552A09212700A06F85 /* ProfileEditButton.swift */ = {isa = PBXFileReference; lastKnownFileType = sourcecode.swift; path = ProfileEditButton.swift; sourceTree = "<group>"; };
		B27474786F61F84813DEE01F /* Pods-Chat.release.xcconfig */ = {isa = PBXFileReference; includeInIndex = 1; lastKnownFileType = text.xcconfig; name = "Pods-Chat.release.xcconfig"; path = "Target Support Files/Pods-Chat/Pods-Chat.release.xcconfig"; sourceTree = "<group>"; };
		EB1789F950297800B2B86C60 /* Pods-Chat.debug.xcconfig */ = {isa = PBXFileReference; includeInIndex = 1; lastKnownFileType = text.xcconfig; name = "Pods-Chat.debug.xcconfig"; path = "Target Support Files/Pods-Chat/Pods-Chat.debug.xcconfig"; sourceTree = "<group>"; };
		F66F2529A7C67C5C2B0AAAF5 /* Pods_Chat.framework */ = {isa = PBXFileReference; explicitFileType = wrapper.framework; includeInIndex = 0; path = Pods_Chat.framework; sourceTree = BUILT_PRODUCTS_DIR; };
/* End PBXFileReference section */

/* Begin PBXFrameworksBuildPhase section */
		0A23779E2A0BDF4B00B8B2AD /* Frameworks */ = {
			isa = PBXFrameworksBuildPhase;
			buildActionMask = 2147483647;
			files = (
			);
			runOnlyForDeploymentPostprocessing = 0;
		};
		0A2377AD2A0BDF5700B8B2AD /* Frameworks */ = {
			isa = PBXFrameworksBuildPhase;
			buildActionMask = 2147483647;
			files = (
			);
			runOnlyForDeploymentPostprocessing = 0;
		};
		0AF3176129A0D667005417A5 /* Frameworks */ = {
			isa = PBXFrameworksBuildPhase;
			buildActionMask = 2147483647;
			files = (
				7624291884D577B0DE7F4EF7 /* Pods_Chat.framework in Frameworks */,
			);
			runOnlyForDeploymentPostprocessing = 0;
		};
/* End PBXFrameworksBuildPhase section */

/* Begin PBXGroup section */
		0A03CD6029B9893100B9CC8E /* UIKit */ = {
			isa = PBXGroup;
			children = (
				0A03CD5A29B984A500B9CC8E /* UIColor + Extensions.swift */,
				0A9F45B029D74FF400BB7A4A /* UITextField + Extensions.swift */,
				0A714C0A29DC5F89007D76C5 /* UIImageView + Extensions.swift */,
				0A47FB6629FAB50400D4736F /* UITableView + Extensions.swift */,
				0A59D0DC29FCE202008FD2C6 /* UICollectionView + Extensions.swift */,
			);
			path = UIKit;
			sourceTree = "<group>";
		};
		0A03CD6E29B99BB300B9CC8E /* Channel */ = {
			isa = PBXGroup;
			children = (
				0AEAF81329FE790E00B6024F /* View */,
				0AEAF81429FE792D00B6024F /* Presenter */,
				0A3ED4B02A02997400EDCA2F /* ChannelModuleOutput.swift */,
			);
			path = Channel;
			sourceTree = "<group>";
		};
		0A2377A22A0BDF4B00B8B2AD /* ChatUITests */ = {
			isa = PBXGroup;
			children = (
				0A2377A32A0BDF4B00B8B2AD /* ChatUITests.swift */,
			);
			path = ChatUITests;
			sourceTree = "<group>";
		};
		0A2377B12A0BDF5700B8B2AD /* ChatUnitTests */ = {
			isa = PBXGroup;
			children = (
				0A2377BE2A0BF78D00B8B2AD /* Mocks */,
				0A2377C62A0C077D00B8B2AD /* Service Layer */,
			);
			path = ChatUnitTests;
			sourceTree = "<group>";
		};
		0A2377BE2A0BF78D00B8B2AD /* Mocks */ = {
			isa = PBXGroup;
			children = (
				0A2377BF2A0BF7B000B8B2AD /* FileManagerServiceMock.swift */,
				0A2377C82A0C07F600B8B2AD /* NetworkServiceMock.swift */,
				0A2377CA2A0C14C900B8B2AD /* CoreDataServiceMock.swift */,
			);
			path = Mocks;
			sourceTree = "<group>";
		};
		0A2377C62A0C077D00B8B2AD /* Service Layer */ = {
			isa = PBXGroup;
			children = (
				0A2377CC2A0C151400B8B2AD /* ProfileService */,
				0A2377C72A0C078F00B8B2AD /* PhotoLoaderService */,
			);
			path = "Service Layer";
			sourceTree = "<group>";
		};
		0A2377C72A0C078F00B8B2AD /* PhotoLoaderService */ = {
			isa = PBXGroup;
			children = (
				0A2377C42A0C077800B8B2AD /* PhotoLoaderServiceTests.swift */,
			);
			path = PhotoLoaderService;
			sourceTree = "<group>";
		};
		0A2377CC2A0C151400B8B2AD /* ProfileService */ = {
			isa = PBXGroup;
			children = (
				0A2377CD2A0C152600B8B2AD /* ProfileServiceTests.swift */,
			);
			path = ProfileService;
			sourceTree = "<group>";
		};
		0A47FB6329FAB45C00D4736F /* Core Layer */ = {
			isa = PBXGroup;
			children = (
				0A47FB6829FAB53A00D4736F /* CoreData */,
				0A47FB6B29FAB53A00D4736F /* FileManager */,
				0A59D0D029FC1518008FD2C6 /* Network */,
			);
			path = "Core Layer";
			sourceTree = "<group>";
		};
		0A47FB6429FAB46800D4736F /* Service Layer */ = {
			isa = PBXGroup;
			children = (
				0AFEF0542A08F50D00A06F85 /* AlertCreatorService */,
				0A8550082A003E7A00944138 /* SSETransportService */,
				0AEAF80429FD648800B6024F /* DataService */,
				0AEAF7FF29FD645200B6024F /* ChatService */,
				0A856FE629FAFA4200F46AFC /* ThemesService */,
				0A856FE129FAFA3700F46AFC /* ProfileService */,
				0A751AAF2A04B540003A11B2 /* PhotoAddingService */,
				0A59D0D329FC37FA008FD2C6 /* PhotoLoaderService */,
			);
			path = "Service Layer";
			sourceTree = "<group>";
		};
		0A47FB6829FAB53A00D4736F /* CoreData */ = {
			isa = PBXGroup;
			children = (
				0A47FB6929FAB53A00D4736F /* CoreDataService.swift */,
				0A47FB6A29FAB53A00D4736F /* CoreDataServiceImpl.swift */,
				0A3ED4AA2A026CC000EDCA2F /* CoreDataServiceError.swift */,
			);
			path = CoreData;
			sourceTree = "<group>";
		};
		0A47FB6B29FAB53A00D4736F /* FileManager */ = {
			isa = PBXGroup;
			children = (
				0A47FB6D29FAB53A00D4736F /* FileManagerService.swift */,
				0A47FB6C29FAB53A00D4736F /* FileManagerServiceImpl.swift */,
				0A3ED4A82A026C8D00EDCA2F /* FileManagerServiceError.swift */,
			);
			path = FileManager;
			sourceTree = "<group>";
		};
		0A47FB7929FABADB00D4736F /* Assembly */ = {
			isa = PBXGroup;
			children = (
				0ACD164529FFA3F100F32CAC /* ModuleAssembly.swift */,
				0A47FB7729FABACF00D4736F /* ServiceAssembly.swift */,
			);
			path = Assembly;
			sourceTree = "<group>";
		};
		0A59D0BB29FBEBA2008FD2C6 /* PhotoSelection */ = {
			isa = PBXGroup;
			children = (
				0A59D0C429FBEBEC008FD2C6 /* View */,
				0A59D0C529FBEBF1008FD2C6 /* Presenter */,
			);
			path = PhotoSelection;
			sourceTree = "<group>";
		};
		0A59D0C429FBEBEC008FD2C6 /* View */ = {
			isa = PBXGroup;
			children = (
				0A59D0C729FBF305008FD2C6 /* Custom Views */,
				0A59D0BC29FBEBBB008FD2C6 /* PhotoSelectionViewController.swift */,
				0A59D0C029FBEBCC008FD2C6 /* PhotoSelectionViewOutput.swift */,
				0A59D0C229FBEBD6008FD2C6 /* PhotoSelectionViewInput.swift */,
				0AA2EB9429FD42EC008D0B57 /* PhotoSelectionDelegate.swift */,
			);
			path = View;
			sourceTree = "<group>";
		};
		0A59D0C529FBEBF1008FD2C6 /* Presenter */ = {
			isa = PBXGroup;
			children = (
				0A59D0BE29FBEBC3008FD2C6 /* PhotoSelectionPresenter.swift */,
			);
			path = Presenter;
			sourceTree = "<group>";
		};
		0A59D0C629FBF2ED008FD2C6 /* Custom Views */ = {
			isa = PBXGroup;
			children = (
				0A41D71A29C97FE600F7987D /* ProfileEditCell.swift */,
			);
			path = "Custom Views";
			sourceTree = "<group>";
		};
		0A59D0C729FBF305008FD2C6 /* Custom Views */ = {
			isa = PBXGroup;
			children = (
				0A59D0C829FBF31E008FD2C6 /* PhotoSelectionCell.swift */,
				0A59D0DE29FD0EE6008FD2C6 /* PhotoSelectionCellDelegate.swift */,
			);
			path = "Custom Views";
			sourceTree = "<group>";
		};
		0A59D0D029FC1518008FD2C6 /* Network */ = {
			isa = PBXGroup;
			children = (
				0A59D0CC29FC1505008FD2C6 /* NetworkService.swift */,
				0A59D0CE29FC1510008FD2C6 /* NetworkServiceImpl.swift */,
				0A59D0D129FC330C008FD2C6 /* NetworkServiceError.swift */,
			);
			path = Network;
			sourceTree = "<group>";
		};
		0A59D0D329FC37FA008FD2C6 /* PhotoLoaderService */ = {
			isa = PBXGroup;
			children = (
				0A59D0D429FC383C008FD2C6 /* PhotoLoaderService.swift */,
				0A59D0D629FC3842008FD2C6 /* PhotoLoaderServiceImpl.swift */,
				0A59D0D829FCC520008FD2C6 /* PhotoLoaderError.swift */,
			);
			path = PhotoLoaderService;
			sourceTree = "<group>";
		};
		0A6229A32A0AB7C3007E9C8C /* TestPlans */ = {
			isa = PBXGroup;
			children = (
				0A2377802A0BDC1800B8B2AD /* UnitTestPlan.xctestplan */,
				0A2377B92A0BE02A00B8B2AD /* UITestPlan.xctestplan */,
				0A73A6D82A0FCD9A00C5B768 /* AllTestPlan.xctestplan */,
			);
			path = TestPlans;
			sourceTree = "<group>";
		};
		0A63C5D629A8F69B0000173B /* Model */ = {
			isa = PBXGroup;
			children = (
				0A03CD6229B98A2300B9CC8E /* ProfileModel.swift */,
				0ADAD7F529E7F0C00093D25E /* ChannelModel.swift */,
				0ADAD7F729E7F36B0093D25E /* MessageModel.swift */,
				0ABA25BA29DF0DAC00BEC0DB /* SortedMessage.swift */,
				0A59D0CA29FC135F008FD2C6 /* PhotoResult.swift */,
				0A751AC22A064264003A11B2 /* AlertViewModel.swift */,
			);
			path = Model;
			sourceTree = "<group>";
		};
		0A63C5D929A900CD0000173B /* Profile */ = {
			isa = PBXGroup;
			children = (
				0A856FF329FBDC5600F46AFC /* View */,
				0A856FF429FBDC5C00F46AFC /* Presenter */,
				0ACD160E29FEF45C00F32CAC /* ProfileModuleOutput.swift */,
			);
			path = Profile;
			sourceTree = "<group>";
		};
		0A63C5DA29A900D50000173B /* ChannelsList */ = {
			isa = PBXGroup;
			children = (
				0AA2EBCB29FD549A008D0B57 /* View */,
				0AA2EBCC29FD54A0008D0B57 /* Presenter */,
				0ACD164D29FFD60700F32CAC /* ChannelsListModuleOutput.swift */,
			);
			path = ChannelsList;
			sourceTree = "<group>";
		};
		0A72EC822A02EB0D000AED23 /* ProfileEdit */ = {
			isa = PBXGroup;
			children = (
				0A72EC8B2A02EB48000AED23 /* View */,
				0A72EC8C2A02EB4F000AED23 /* Presenter */,
				0A751AB22A04E5E8003A11B2 /* ProfileEditModuleOutput.swift */,
			);
			path = ProfileEdit;
			sourceTree = "<group>";
		};
		0A72EC8B2A02EB48000AED23 /* View */ = {
			isa = PBXGroup;
			children = (
				0A59D0C629FBF2ED008FD2C6 /* Custom Views */,
				0A72EC832A02EB29000AED23 /* ProfileEditViewController.swift */,
				0A72EC852A02EB32000AED23 /* ProfileEditViewOutput.swift */,
				0A72EC872A02EB3A000AED23 /* ProfileEditViewInput.swift */,
				0A751AB42A05000C003A11B2 /* ProfileEditDelegate.swift */,
			);
			path = View;
			sourceTree = "<group>";
		};
		0A72EC8C2A02EB4F000AED23 /* Presenter */ = {
			isa = PBXGroup;
			children = (
				0A72EC892A02EB43000AED23 /* ProfileEditPresenter.swift */,
			);
			path = Presenter;
			sourceTree = "<group>";
		};
		0A751AAF2A04B540003A11B2 /* PhotoAddingService */ = {
			isa = PBXGroup;
			children = (
				0A751AAB2A04B51C003A11B2 /* PhotoAddingService.swift */,
				0A751AAD2A04B53C003A11B2 /* PhotoAddingServiceImpl.swift */,
				0A751AB02A04B5F0003A11B2 /* PhotoAddingServiceDelegate.swift */,
			);
			path = PhotoAddingService;
			sourceTree = "<group>";
		};
		0A751AB62A050B32003A11B2 /* Common Views */ = {
			isa = PBXGroup;
			children = (
				0A72EC952A03D35C000AED23 /* ParticleAnimation.swift */,
				0A751AB72A050B7E003A11B2 /* PhotoAddingView.swift */,
			);
			path = "Common Views";
			sourceTree = "<group>";
		};
		0A80C74029E7DB5500C96E8C /* TFSChatTransport */ = {
			isa = PBXGroup;
			children = (
				0A80C74129E7DBAE00C96E8C /* ChatService + Extensions.swift */,
			);
			path = TFSChatTransport;
			sourceTree = "<group>";
		};
		0A8550082A003E7A00944138 /* SSETransportService */ = {
			isa = PBXGroup;
			children = (
				0ACD164F29FFF7E400F32CAC /* SSETransportService.swift */,
				0ACD165129FFF7ED00F32CAC /* SSETransportServiceImpl.swift */,
			);
			path = SSETransportService;
			sourceTree = "<group>";
		};
		0A856FE129FAFA3700F46AFC /* ProfileService */ = {
			isa = PBXGroup;
			children = (
				0A856FE229FAFA3700F46AFC /* ProfileService.swift */,
				0A856FE329FAFA3700F46AFC /* ProfileServiceImpl.swift */,
				0A3ED4AC2A026E5000EDCA2F /* ProfileServiceError.swift */,
			);
			path = ProfileService;
			sourceTree = "<group>";
		};
		0A856FE629FAFA4200F46AFC /* ThemesService */ = {
			isa = PBXGroup;
			children = (
				0A856FE729FAFA4200F46AFC /* ThemesService.swift */,
				0A856FE829FAFA4200F46AFC /* ThemesServiceImpl.swift */,
			);
			path = ThemesService;
			sourceTree = "<group>";
		};
		0A856FF329FBDC5600F46AFC /* View */ = {
			isa = PBXGroup;
			children = (
				0AF3178F29A3C1BB005417A5 /* ProfileViewController.swift */,
				0A856FED29FB9BF400F46AFC /* ProfileViewInput.swift */,
				0A856FEF29FB9BFE00F46AFC /* ProfileViewOutput.swift */,
				0A72EC8D2A037FF3000AED23 /* ProfileAnimator.swift */,
				0AFEF0552A09212700A06F85 /* ProfileEditButton.swift */,
			);
			path = View;
			sourceTree = "<group>";
		};
		0A856FF429FBDC5C00F46AFC /* Presenter */ = {
			isa = PBXGroup;
			children = (
				0A856FEB29FB9BE100F46AFC /* ProfilePresenter.swift */,
			);
			path = Presenter;
			sourceTree = "<group>";
		};
		0A856FF529FBE4E700F46AFC /* View */ = {
			isa = PBXGroup;
			children = (
				0A856FF729FBE4E700F46AFC /* Custom Views */,
				0A856FF629FBE4E700F46AFC /* SettingsViewOutput.swift */,
				0A856FFC29FBE4E700F46AFC /* SettingsViewInput.swift */,
				0A856FFB29FBE4E700F46AFC /* SettingsViewController.swift */,
			);
			path = View;
			sourceTree = "<group>";
		};
		0A856FF729FBE4E700F46AFC /* Custom Views */ = {
			isa = PBXGroup;
			children = (
				0A856FF829FBE4E700F46AFC /* ThemesButton.swift */,
				0A856FF929FBE4E700F46AFC /* ThemesViewDelegate.swift */,
				0A856FFA29FBE4E700F46AFC /* ThemesView.swift */,
			);
			path = "Custom Views";
			sourceTree = "<group>";
		};
		0A856FFD29FBE4E700F46AFC /* Presenter */ = {
			isa = PBXGroup;
			children = (
				0A856FFE29FBE4E700F46AFC /* SettingsPresenter.swift */,
			);
			path = Presenter;
			sourceTree = "<group>";
		};
		0AA2EBCA29FD51FF008D0B57 /* Presentation Layer */ = {
			isa = PBXGroup;
			children = (
				0A751AB62A050B32003A11B2 /* Common Views */,
				0A59D0BB29FBEBA2008FD2C6 /* PhotoSelection */,
				0A72EC822A02EB0D000AED23 /* ProfileEdit */,
				0A63C5D929A900CD0000173B /* Profile */,
				0AB6B5BD29C1EB7B00361A2C /* Settings */,
				0A03CD6E29B99BB300B9CC8E /* Channel */,
				0A63C5DA29A900D50000173B /* ChannelsList */,
				0A714C0229DB4B7A007D76C5 /* TabBarController.swift */,
			);
			path = "Presentation Layer";
			sourceTree = "<group>";
		};
		0AA2EBCB29FD549A008D0B57 /* View */ = {
			isa = PBXGroup;
			children = (
				0AA2EBCD29FD54E4008D0B57 /* Custom Views */,
				0AF3176B29A0D667005417A5 /* ChannelsListViewController.swift */,
				0AA2EBCE29FD550C008D0B57 /* ChannelsListViewInput.swift */,
				0AA2EBD029FD5518008D0B57 /* ChannelsListViewOutput.swift */,
				0ADB6DEE29EAEFE700EBE31F /* ChannelsListDataSource.swift */,
			);
			path = View;
			sourceTree = "<group>";
		};
		0AA2EBCC29FD54A0008D0B57 /* Presenter */ = {
			isa = PBXGroup;
			children = (
				0AA2EBD229FD5551008D0B57 /* ChannelsListPresenter.swift */,
			);
			path = Presenter;
			sourceTree = "<group>";
		};
		0AA2EBCD29FD54E4008D0B57 /* Custom Views */ = {
			isa = PBXGroup;
			children = (
				0A03CD6A29B9907400B9CC8E /* ChannelsListCell.swift */,
				0AB6B5CD29C20E1B00361A2C /* ChannelsListHeader.swift */,
			);
			path = "Custom Views";
			sourceTree = "<group>";
		};
		0AA5CE6129A7865500C4BBE4 /* Extensions */ = {
			isa = PBXGroup;
			children = (
				0A03CD6029B9893100B9CC8E /* UIKit */,
				0A80C74029E7DB5500C96E8C /* TFSChatTransport */,
				0A03CD5E29B988EE00B9CC8E /* Date + Extensions.swift */,
				0A03CD7529B9DA0C00B9CC8E /* Array + Extensions.swift */,
				0A3D726829CB3599002774AE /* String + Extensions.swift */,
			);
			path = Extensions;
			sourceTree = "<group>";
		};
		0AB6B5BD29C1EB7B00361A2C /* Settings */ = {
			isa = PBXGroup;
			children = (
				0A856FF529FBE4E700F46AFC /* View */,
				0A856FFD29FBE4E700F46AFC /* Presenter */,
			);
			path = Settings;
			sourceTree = "<group>";
		};
		0ACD160D29FEEC8E00F32CAC /* Coordinators */ = {
			isa = PBXGroup;
			children = (
				0ACD160B29FEEC8A00F32CAC /* AppCoordinator.swift */,
				0ACD164729FFB9B800F32CAC /* ChannelsCoordinator.swift */,
				0ACD164B29FFB9D400F32CAC /* SettingsCoordinator.swift */,
				0ACD164929FFB9C900F32CAC /* ProfileCoordinator.swift */,
			);
			path = Coordinators;
			sourceTree = "<group>";
		};
		0AEAF7FF29FD645200B6024F /* ChatService */ = {
			isa = PBXGroup;
			children = (
				0AEAF80129FD645200B6024F /* ChatTransportService.swift */,
				0AEAF80029FD645200B6024F /* ChatTransportServiceImpl.swift */,
			);
			path = ChatService;
			sourceTree = "<group>";
		};
		0AEAF80429FD648800B6024F /* DataService */ = {
			isa = PBXGroup;
			children = (
				0AEAF80529FD648800B6024F /* DataService.swift */,
				0AEAF80629FD648800B6024F /* DataServiceImpl.swift */,
				0A9009782A011BF900C8DDB6 /* DataServiceDelegate.swift */,
				0A3ED4AE2A02730000EDCA2F /* DataServiceError.swift */,
			);
			path = DataService;
			sourceTree = "<group>";
		};
		0AEAF81229FE790500B6024F /* Custom Views */ = {
			isa = PBXGroup;
			children = (
				0A5184C72A019D6A00055B61 /* ChannelPhotoCellDelegate.swift */,
				0A9009762A01054800C8DDB6 /* ChannelImageCell.swift */,
				0A03CD7129B99C1300B9CC8E /* ChannelCell.swift */,
				0AB6B5D529C25B4100361A2C /* ChannelHeader.swift */,
				0AB6B5B929C1E5CD00361A2C /* CustomNavBar.swift */,
				0AC2F8E729DFC2C100A6F320 /* BubbleView.swift */,
			);
			path = "Custom Views";
			sourceTree = "<group>";
		};
		0AEAF81329FE790E00B6024F /* View */ = {
			isa = PBXGroup;
			children = (
				0AEAF81229FE790500B6024F /* Custom Views */,
				0A03CD6F29B99BBE00B9CC8E /* ChannelViewController.swift */,
				0AEAF81529FE794200B6024F /* ChannelViewInput.swift */,
				0AEAF81729FE794A00B6024F /* ChannelViewOutput.swift */,
			);
			path = View;
			sourceTree = "<group>";
		};
		0AEAF81429FE792D00B6024F /* Presenter */ = {
			isa = PBXGroup;
			children = (
				0AEAF81029FE78FF00B6024F /* ChannelPresenter.swift */,
			);
			path = Presenter;
			sourceTree = "<group>";
		};
		0AF3175B29A0D667005417A5 = {
			isa = PBXGroup;
			children = (
				0AF3176629A0D667005417A5 /* Chat */,
				0A2377A22A0BDF4B00B8B2AD /* ChatUITests */,
				0A2377B12A0BDF5700B8B2AD /* ChatUnitTests */,
				0AF3176529A0D667005417A5 /* Products */,
				C81EA66786004A5B0FC4B826 /* Pods */,
				E393F93ABC914108816B261B /* Frameworks */,
				0AFE033329DB438400672330 /* .swiftlint.yml */,
				0AB26A422A1202FF00B2AACA /* Config.xcconfig */,
				0A73A6D92A10C32300C5B768 /* Secrets.xcconfig */,
			);
			sourceTree = "<group>";
		};
		0AF3176529A0D667005417A5 /* Products */ = {
			isa = PBXGroup;
			children = (
				0AF3176429A0D667005417A5 /* Chat.app */,
				0A2377A12A0BDF4B00B8B2AD /* ChatUITests.xctest */,
				0A2377B02A0BDF5700B8B2AD /* ChatUnitTests.xctest */,
			);
			name = Products;
			sourceTree = "<group>";
		};
		0AF3176629A0D667005417A5 /* Chat */ = {
			isa = PBXGroup;
			children = (
				0AF3177B29A0D84B005417A5 /* Application */,
				0A47FB7929FABADB00D4736F /* Assembly */,
				0ACD160D29FEEC8E00F32CAC /* Coordinators */,
				0A63C5D629A8F69B0000173B /* Model */,
				0AA2EBCA29FD51FF008D0B57 /* Presentation Layer */,
				0A47FB6429FAB46800D4736F /* Service Layer */,
				0A47FB6329FAB45C00D4736F /* Core Layer */,
				0AA5CE6129A7865500C4BBE4 /* Extensions */,
				0AF3177C29A0D877005417A5 /* Resources */,
				0A6229A32A0AB7C3007E9C8C /* TestPlans */,
				0AF3177D29A0D884005417A5 /* Supporting Files */,
			);
			path = Chat;
			sourceTree = "<group>";
		};
		0AF3177B29A0D84B005417A5 /* Application */ = {
			isa = PBXGroup;
			children = (
				0AF3176729A0D667005417A5 /* AppDelegate.swift */,
			);
			path = Application;
			sourceTree = "<group>";
		};
		0AF3177C29A0D877005417A5 /* Resources */ = {
			isa = PBXGroup;
			children = (
				0AF3177029A0D66A005417A5 /* Assets.xcassets */,
				0A41D39929E6D75500FE0A0F /* Chat.xcdatamodeld */,
			);
			path = Resources;
			sourceTree = "<group>";
		};
		0AF3177D29A0D884005417A5 /* Supporting Files */ = {
			isa = PBXGroup;
			children = (
				0AF3177229A0D66A005417A5 /* LaunchScreen.storyboard */,
				0AF3177529A0D66A005417A5 /* Info.plist */,
			);
			path = "Supporting Files";
			sourceTree = "<group>";
		};
		0AFEF0542A08F50D00A06F85 /* AlertCreatorService */ = {
			isa = PBXGroup;
			children = (
				0AFEF0502A08F4FF00A06F85 /* AlertCreatorService.swift */,
				0AFEF0522A08F50900A06F85 /* AlertCreatorServiceImpl.swift */,
			);
			path = AlertCreatorService;
			sourceTree = "<group>";
		};
		C81EA66786004A5B0FC4B826 /* Pods */ = {
			isa = PBXGroup;
			children = (
				EB1789F950297800B2B86C60 /* Pods-Chat.debug.xcconfig */,
				B27474786F61F84813DEE01F /* Pods-Chat.release.xcconfig */,
			);
			path = Pods;
			sourceTree = "<group>";
		};
		E393F93ABC914108816B261B /* Frameworks */ = {
			isa = PBXGroup;
			children = (
				F66F2529A7C67C5C2B0AAAF5 /* Pods_Chat.framework */,
			);
			name = Frameworks;
			sourceTree = "<group>";
		};
/* End PBXGroup section */

/* Begin PBXNativeTarget section */
		0A2377A02A0BDF4B00B8B2AD /* ChatUITests */ = {
			isa = PBXNativeTarget;
			buildConfigurationList = 0A2377A92A0BDF4B00B8B2AD /* Build configuration list for PBXNativeTarget "ChatUITests" */;
			buildPhases = (
				0A23779D2A0BDF4B00B8B2AD /* Sources */,
				0A23779E2A0BDF4B00B8B2AD /* Frameworks */,
				0A23779F2A0BDF4B00B8B2AD /* Resources */,
			);
			buildRules = (
			);
			dependencies = (
				0A2377A82A0BDF4B00B8B2AD /* PBXTargetDependency */,
			);
			name = ChatUITests;
			productName = ChatUITests;
			productReference = 0A2377A12A0BDF4B00B8B2AD /* ChatUITests.xctest */;
			productType = "com.apple.product-type.bundle.ui-testing";
		};
		0A2377AF2A0BDF5700B8B2AD /* ChatUnitTests */ = {
			isa = PBXNativeTarget;
			buildConfigurationList = 0A2377B62A0BDF5700B8B2AD /* Build configuration list for PBXNativeTarget "ChatUnitTests" */;
			buildPhases = (
				0A2377AC2A0BDF5700B8B2AD /* Sources */,
				0A2377AD2A0BDF5700B8B2AD /* Frameworks */,
				0A2377AE2A0BDF5700B8B2AD /* Resources */,
			);
			buildRules = (
			);
			dependencies = (
				0A2377B52A0BDF5700B8B2AD /* PBXTargetDependency */,
			);
			name = ChatUnitTests;
			productName = ChatUnitTests;
			productReference = 0A2377B02A0BDF5700B8B2AD /* ChatUnitTests.xctest */;
			productType = "com.apple.product-type.bundle.unit-test";
		};
		0AF3176329A0D667005417A5 /* Chat */ = {
			isa = PBXNativeTarget;
			buildConfigurationList = 0AF3177829A0D66A005417A5 /* Build configuration list for PBXNativeTarget "Chat" */;
			buildPhases = (
				C9E3DD1268601E9F1C9CA01A /* [CP] Check Pods Manifest.lock */,
				0AF3176029A0D667005417A5 /* Sources */,
				0AF3176129A0D667005417A5 /* Frameworks */,
				0AF3176229A0D667005417A5 /* Resources */,
				0AFE033029DB41E700672330 /* ShellScript */,
				AA31E2043F07F62AA6725E2E /* [CP] Embed Pods Frameworks */,
			);
			buildRules = (
			);
			dependencies = (
			);
			name = Chat;
			productName = Chat;
			productReference = 0AF3176429A0D667005417A5 /* Chat.app */;
			productType = "com.apple.product-type.application";
		};
/* End PBXNativeTarget section */

/* Begin PBXProject section */
		0AF3175C29A0D667005417A5 /* Project object */ = {
			isa = PBXProject;
			attributes = {
				BuildIndependentTargetsInParallel = 1;
				LastSwiftUpdateCheck = 1410;
				LastUpgradeCheck = 1420;
				TargetAttributes = {
					0A2377A02A0BDF4B00B8B2AD = {
						CreatedOnToolsVersion = 14.1;
						TestTargetID = 0AF3176329A0D667005417A5;
					};
					0A2377AF2A0BDF5700B8B2AD = {
						CreatedOnToolsVersion = 14.1;
						LastSwiftMigration = 1410;
						TestTargetID = 0AF3176329A0D667005417A5;
					};
					0AF3176329A0D667005417A5 = {
						CreatedOnToolsVersion = 14.2;
					};
				};
			};
			buildConfigurationList = 0AF3175F29A0D667005417A5 /* Build configuration list for PBXProject "Chat" */;
			compatibilityVersion = "Xcode 14.0";
			developmentRegion = en;
			hasScannedForEncodings = 0;
			knownRegions = (
				en,
				Base,
			);
			mainGroup = 0AF3175B29A0D667005417A5;
			productRefGroup = 0AF3176529A0D667005417A5 /* Products */;
			projectDirPath = "";
			projectRoot = "";
			targets = (
				0AF3176329A0D667005417A5 /* Chat */,
				0A2377A02A0BDF4B00B8B2AD /* ChatUITests */,
				0A2377AF2A0BDF5700B8B2AD /* ChatUnitTests */,
			);
		};
/* End PBXProject section */

/* Begin PBXResourcesBuildPhase section */
		0A23779F2A0BDF4B00B8B2AD /* Resources */ = {
			isa = PBXResourcesBuildPhase;
			buildActionMask = 2147483647;
			files = (
			);
			runOnlyForDeploymentPostprocessing = 0;
		};
		0A2377AE2A0BDF5700B8B2AD /* Resources */ = {
			isa = PBXResourcesBuildPhase;
			buildActionMask = 2147483647;
			files = (
			);
			runOnlyForDeploymentPostprocessing = 0;
		};
		0AF3176229A0D667005417A5 /* Resources */ = {
			isa = PBXResourcesBuildPhase;
			buildActionMask = 2147483647;
			files = (
				0AFE033429DB438400672330 /* .swiftlint.yml in Resources */,
				0AF3177429A0D66A005417A5 /* LaunchScreen.storyboard in Resources */,
				0AF3177129A0D66A005417A5 /* Assets.xcassets in Resources */,
			);
			runOnlyForDeploymentPostprocessing = 0;
		};
/* End PBXResourcesBuildPhase section */

/* Begin PBXShellScriptBuildPhase section */
		0AFE033029DB41E700672330 /* ShellScript */ = {
			isa = PBXShellScriptBuildPhase;
			alwaysOutOfDate = 1;
			buildActionMask = 2147483647;
			files = (
			);
			inputFileListPaths = (
			);
			inputPaths = (
			);
			outputFileListPaths = (
			);
			outputPaths = (
			);
			runOnlyForDeploymentPostprocessing = 0;
			shellPath = /bin/sh;
			shellScript = "\"${PODS_ROOT}/SwiftLint/swiftlint\"\n";
		};
		AA31E2043F07F62AA6725E2E /* [CP] Embed Pods Frameworks */ = {
			isa = PBXShellScriptBuildPhase;
			buildActionMask = 2147483647;
			files = (
			);
			inputFileListPaths = (
				"${PODS_ROOT}/Target Support Files/Pods-Chat/Pods-Chat-frameworks-${CONFIGURATION}-input-files.xcfilelist",
			);
			name = "[CP] Embed Pods Frameworks";
			outputFileListPaths = (
				"${PODS_ROOT}/Target Support Files/Pods-Chat/Pods-Chat-frameworks-${CONFIGURATION}-output-files.xcfilelist",
			);
			runOnlyForDeploymentPostprocessing = 0;
			shellPath = /bin/sh;
			shellScript = "\"${PODS_ROOT}/Target Support Files/Pods-Chat/Pods-Chat-frameworks.sh\"\n";
			showEnvVarsInLog = 0;
		};
		C9E3DD1268601E9F1C9CA01A /* [CP] Check Pods Manifest.lock */ = {
			isa = PBXShellScriptBuildPhase;
			buildActionMask = 2147483647;
			files = (
			);
			inputFileListPaths = (
			);
			inputPaths = (
				"${PODS_PODFILE_DIR_PATH}/Podfile.lock",
				"${PODS_ROOT}/Manifest.lock",
			);
			name = "[CP] Check Pods Manifest.lock";
			outputFileListPaths = (
			);
			outputPaths = (
				"$(DERIVED_FILE_DIR)/Pods-Chat-checkManifestLockResult.txt",
			);
			runOnlyForDeploymentPostprocessing = 0;
			shellPath = /bin/sh;
			shellScript = "diff \"${PODS_PODFILE_DIR_PATH}/Podfile.lock\" \"${PODS_ROOT}/Manifest.lock\" > /dev/null\nif [ $? != 0 ] ; then\n    # print error to STDERR\n    echo \"error: The sandbox is not in sync with the Podfile.lock. Run 'pod install' or update your CocoaPods installation.\" >&2\n    exit 1\nfi\n# This output is used by Xcode 'outputs' to avoid re-running this script phase.\necho \"SUCCESS\" > \"${SCRIPT_OUTPUT_FILE_0}\"\n";
			showEnvVarsInLog = 0;
		};
/* End PBXShellScriptBuildPhase section */

/* Begin PBXSourcesBuildPhase section */
		0A23779D2A0BDF4B00B8B2AD /* Sources */ = {
			isa = PBXSourcesBuildPhase;
			buildActionMask = 2147483647;
			files = (
				0A2377A42A0BDF4B00B8B2AD /* ChatUITests.swift in Sources */,
			);
			runOnlyForDeploymentPostprocessing = 0;
		};
		0A2377AC2A0BDF5700B8B2AD /* Sources */ = {
			isa = PBXSourcesBuildPhase;
			buildActionMask = 2147483647;
			files = (
				0A2377C92A0C07F600B8B2AD /* NetworkServiceMock.swift in Sources */,
				0A2377C52A0C077800B8B2AD /* PhotoLoaderServiceTests.swift in Sources */,
				0A2377CE2A0C152600B8B2AD /* ProfileServiceTests.swift in Sources */,
				0A2377C02A0BF7B000B8B2AD /* FileManagerServiceMock.swift in Sources */,
				0A2377CB2A0C14C900B8B2AD /* CoreDataServiceMock.swift in Sources */,
			);
			runOnlyForDeploymentPostprocessing = 0;
		};
		0AF3176029A0D667005417A5 /* Sources */ = {
			isa = PBXSourcesBuildPhase;
			buildActionMask = 2147483647;
			files = (
				0A03CD6B29B9907400B9CC8E /* ChannelsListCell.swift in Sources */,
				0A72EC8E2A037FF3000AED23 /* ProfileAnimator.swift in Sources */,
				0A59D0C329FBEBD6008FD2C6 /* PhotoSelectionViewInput.swift in Sources */,
				0A856FE429FAFA3700F46AFC /* ProfileService.swift in Sources */,
				0AF3176C29A0D667005417A5 /* ChannelsListViewController.swift in Sources */,
				0A59D0D929FCC520008FD2C6 /* PhotoLoaderError.swift in Sources */,
				0A856FE529FAFA3700F46AFC /* ProfileServiceImpl.swift in Sources */,
				0AA2EBD329FD5551008D0B57 /* ChannelsListPresenter.swift in Sources */,
				0AEAF81829FE794A00B6024F /* ChannelViewOutput.swift in Sources */,
				0A47FB6F29FAB53A00D4736F /* CoreDataServiceImpl.swift in Sources */,
				0A856FFF29FBE4E700F46AFC /* SettingsViewOutput.swift in Sources */,
				0A751AC32A064264003A11B2 /* AlertViewModel.swift in Sources */,
				0A9009792A011BF900C8DDB6 /* DataServiceDelegate.swift in Sources */,
				0A9F45B129D74FF400BB7A4A /* UITextField + Extensions.swift in Sources */,
				0A59D0C129FBEBCC008FD2C6 /* PhotoSelectionViewOutput.swift in Sources */,
				0AA2EB9529FD42EC008D0B57 /* PhotoSelectionDelegate.swift in Sources */,
				0A3ED4B12A02997400EDCA2F /* ChannelModuleOutput.swift in Sources */,
				0A59D0D229FC330C008FD2C6 /* NetworkServiceError.swift in Sources */,
				0A59D0DF29FD0EE6008FD2C6 /* PhotoSelectionCellDelegate.swift in Sources */,
				0ABA25BB29DF0DAC00BEC0DB /* SortedMessage.swift in Sources */,
				0A59D0BD29FBEBBB008FD2C6 /* PhotoSelectionViewController.swift in Sources */,
				0A59D0DD29FCE202008FD2C6 /* UICollectionView + Extensions.swift in Sources */,
				0A9009772A01054800C8DDB6 /* ChannelImageCell.swift in Sources */,
				0A3ED4AD2A026E5000EDCA2F /* ProfileServiceError.swift in Sources */,
				0A85700429FBE4E700F46AFC /* SettingsViewInput.swift in Sources */,
				0A751AB52A05000C003A11B2 /* ProfileEditDelegate.swift in Sources */,
				0A72EC862A02EB32000AED23 /* ProfileEditViewOutput.swift in Sources */,
				0AF3176829A0D667005417A5 /* AppDelegate.swift in Sources */,
				0A856FF029FB9BFE00F46AFC /* ProfileViewOutput.swift in Sources */,
				0A59D0D529FC383C008FD2C6 /* PhotoLoaderService.swift in Sources */,
				0A72EC882A02EB3A000AED23 /* ProfileEditViewInput.swift in Sources */,
				0ADAD7F629E7F0C00093D25E /* ChannelModel.swift in Sources */,
				0AB6B5CE29C20E1B00361A2C /* ChannelsListHeader.swift in Sources */,
				0A714C0B29DC5F89007D76C5 /* UIImageView + Extensions.swift in Sources */,
				0A856FEE29FB9BF400F46AFC /* ProfileViewInput.swift in Sources */,
				0A03CD6329B98A2300B9CC8E /* ProfileModel.swift in Sources */,
				0A03CD7229B99C1300B9CC8E /* ChannelCell.swift in Sources */,
				0A72EC842A02EB29000AED23 /* ProfileEditViewController.swift in Sources */,
				0AEAF80829FD648800B6024F /* DataServiceImpl.swift in Sources */,
				0A41D71B29C97FE600F7987D /* ProfileEditCell.swift in Sources */,
				0AB6B5D629C25B4100361A2C /* ChannelHeader.swift in Sources */,
				0ACD164829FFB9B800F32CAC /* ChannelsCoordinator.swift in Sources */,
				0ACD164A29FFB9C900F32CAC /* ProfileCoordinator.swift in Sources */,
				0A47FB7129FAB53A00D4736F /* FileManagerService.swift in Sources */,
				0A85700129FBE4E700F46AFC /* ThemesViewDelegate.swift in Sources */,
				0AFEF0512A08F4FF00A06F85 /* AlertCreatorService.swift in Sources */,
				0A59D0BF29FBEBC3008FD2C6 /* PhotoSelectionPresenter.swift in Sources */,
				0AEAF80329FD645200B6024F /* ChatTransportService.swift in Sources */,
				0A41D39B29E6D75500FE0A0F /* Chat.xcdatamodeld in Sources */,
				0A3D726929CB3599002774AE /* String + Extensions.swift in Sources */,
				0A03CD5F29B988EE00B9CC8E /* Date + Extensions.swift in Sources */,
				0A47FB6729FAB50400D4736F /* UITableView + Extensions.swift in Sources */,
				0A85700529FBE4E700F46AFC /* SettingsPresenter.swift in Sources */,
				0ADB6DEF29EAEFE700EBE31F /* ChannelsListDataSource.swift in Sources */,
				0ACD164E29FFD60700F32CAC /* ChannelsListModuleOutput.swift in Sources */,
				0A5184C82A019D6A00055B61 /* ChannelPhotoCellDelegate.swift in Sources */,
				0A59D0CD29FC1505008FD2C6 /* NetworkService.swift in Sources */,
				0AA2EBD129FD5518008D0B57 /* ChannelsListViewOutput.swift in Sources */,
				0A3ED4AB2A026CC000EDCA2F /* CoreDataServiceError.swift in Sources */,
				0A714C0329DB4B7A007D76C5 /* TabBarController.swift in Sources */,
				0AFEF0562A09212700A06F85 /* ProfileEditButton.swift in Sources */,
				0A3ED4AF2A02730000EDCA2F /* DataServiceError.swift in Sources */,
				0A03CD7029B99BBE00B9CC8E /* ChannelViewController.swift in Sources */,
				0AEAF80729FD648800B6024F /* DataService.swift in Sources */,
				0A59D0CB29FC135F008FD2C6 /* PhotoResult.swift in Sources */,
				0ACD164629FFA3F100F32CAC /* ModuleAssembly.swift in Sources */,
				0AA2EBCF29FD550C008D0B57 /* ChannelsListViewInput.swift in Sources */,
				0A03CD7629B9DA0C00B9CC8E /* Array + Extensions.swift in Sources */,
				0A47FB6E29FAB53A00D4736F /* CoreDataService.swift in Sources */,
				0A72EC962A03D35C000AED23 /* ParticleAnimation.swift in Sources */,
				0A59D0D729FC3842008FD2C6 /* PhotoLoaderServiceImpl.swift in Sources */,
				0A751AAC2A04B51C003A11B2 /* PhotoAddingService.swift in Sources */,
				0ACD164C29FFB9D400F32CAC /* SettingsCoordinator.swift in Sources */,
				0A85700029FBE4E700F46AFC /* ThemesButton.swift in Sources */,
				0A47FB7829FABACF00D4736F /* ServiceAssembly.swift in Sources */,
				0A751AB32A04E5E8003A11B2 /* ProfileEditModuleOutput.swift in Sources */,
				0A3ED4A92A026C8D00EDCA2F /* FileManagerServiceError.swift in Sources */,
				0AB6B5BA29C1E5CD00361A2C /* CustomNavBar.swift in Sources */,
				0ACD165029FFF7E400F32CAC /* SSETransportService.swift in Sources */,
				0A856FE929FAFA4200F46AFC /* ThemesService.swift in Sources */,
				0A72EC8A2A02EB43000AED23 /* ProfileEditPresenter.swift in Sources */,
				0A80C74229E7DBAE00C96E8C /* ChatService + Extensions.swift in Sources */,
				0A59D0CF29FC1510008FD2C6 /* NetworkServiceImpl.swift in Sources */,
				0AEAF81129FE78FF00B6024F /* ChannelPresenter.swift in Sources */,
				0A85700229FBE4E700F46AFC /* ThemesView.swift in Sources */,
				0A751AB12A04B5F0003A11B2 /* PhotoAddingServiceDelegate.swift in Sources */,
				0AC2F8E829DFC2C100A6F320 /* BubbleView.swift in Sources */,
				0ACD165229FFF7ED00F32CAC /* SSETransportServiceImpl.swift in Sources */,
				0A85700329FBE4E700F46AFC /* SettingsViewController.swift in Sources */,
				0A751AB82A050B7E003A11B2 /* PhotoAddingView.swift in Sources */,
				0AEAF81629FE794200B6024F /* ChannelViewInput.swift in Sources */,
				0A03CD5B29B984A500B9CC8E /* UIColor + Extensions.swift in Sources */,
				0A856FEA29FAFA4200F46AFC /* ThemesServiceImpl.swift in Sources */,
				0ACD160C29FEEC8A00F32CAC /* AppCoordinator.swift in Sources */,
				0AEAF80229FD645200B6024F /* ChatTransportServiceImpl.swift in Sources */,
				0ADAD7F829E7F36B0093D25E /* MessageModel.swift in Sources */,
				0A47FB7029FAB53A00D4736F /* FileManagerServiceImpl.swift in Sources */,
				0AFEF0532A08F50900A06F85 /* AlertCreatorServiceImpl.swift in Sources */,
				0A4D605529DB3EAA00585535 /* ProfileViewController.swift in Sources */,
				0ACD160F29FEF45C00F32CAC /* ProfileModuleOutput.swift in Sources */,
				0A751AAE2A04B53C003A11B2 /* PhotoAddingServiceImpl.swift in Sources */,
				0A59D0C929FBF31E008FD2C6 /* PhotoSelectionCell.swift in Sources */,
				0A856FEC29FB9BE100F46AFC /* ProfilePresenter.swift in Sources */,
			);
			runOnlyForDeploymentPostprocessing = 0;
		};
/* End PBXSourcesBuildPhase section */

/* Begin PBXTargetDependency section */
		0A2377A82A0BDF4B00B8B2AD /* PBXTargetDependency */ = {
			isa = PBXTargetDependency;
			target = 0AF3176329A0D667005417A5 /* Chat */;
			targetProxy = 0A2377A72A0BDF4B00B8B2AD /* PBXContainerItemProxy */;
		};
		0A2377B52A0BDF5700B8B2AD /* PBXTargetDependency */ = {
			isa = PBXTargetDependency;
			target = 0AF3176329A0D667005417A5 /* Chat */;
			targetProxy = 0A2377B42A0BDF5700B8B2AD /* PBXContainerItemProxy */;
		};
/* End PBXTargetDependency section */

/* Begin PBXVariantGroup section */
		0AF3177229A0D66A005417A5 /* LaunchScreen.storyboard */ = {
			isa = PBXVariantGroup;
			children = (
				0AF3177329A0D66A005417A5 /* Base */,
			);
			name = LaunchScreen.storyboard;
			sourceTree = "<group>";
		};
/* End PBXVariantGroup section */

/* Begin XCBuildConfiguration section */
		0A2377AA2A0BDF4B00B8B2AD /* Debug */ = {
			isa = XCBuildConfiguration;
			buildSettings = {
				CODE_SIGN_STYLE = Automatic;
				CURRENT_PROJECT_VERSION = 1;
				DEVELOPMENT_TEAM = VEWJJ8ZGBW;
				GENERATE_INFOPLIST_FILE = YES;
				IPHONEOS_DEPLOYMENT_TARGET = 14.0;
				MARKETING_VERSION = 1.0;
				PRODUCT_BUNDLE_IDENTIFIER = ru.vikhlyaev.ChatUITests;
				PRODUCT_NAME = "$(TARGET_NAME)";
				SWIFT_EMIT_LOC_STRINGS = NO;
				SWIFT_VERSION = 5.0;
				TARGETED_DEVICE_FAMILY = "1,2";
				TEST_TARGET_NAME = Chat;
			};
			name = Debug;
		};
		0A2377AB2A0BDF4B00B8B2AD /* Release */ = {
			isa = XCBuildConfiguration;
			buildSettings = {
				CODE_SIGN_STYLE = Automatic;
				CURRENT_PROJECT_VERSION = 1;
				DEVELOPMENT_TEAM = VEWJJ8ZGBW;
				GENERATE_INFOPLIST_FILE = YES;
				IPHONEOS_DEPLOYMENT_TARGET = 14.0;
				MARKETING_VERSION = 1.0;
				PRODUCT_BUNDLE_IDENTIFIER = ru.vikhlyaev.ChatUITests;
				PRODUCT_NAME = "$(TARGET_NAME)";
				SWIFT_EMIT_LOC_STRINGS = NO;
				SWIFT_VERSION = 5.0;
				TARGETED_DEVICE_FAMILY = "1,2";
				TEST_TARGET_NAME = Chat;
			};
			name = Release;
		};
		0A2377B72A0BDF5700B8B2AD /* Debug */ = {
			isa = XCBuildConfiguration;
			buildSettings = {
				BUNDLE_LOADER = "$(TEST_HOST)";
				CLANG_ENABLE_MODULES = YES;
				CODE_SIGN_STYLE = Automatic;
				CURRENT_PROJECT_VERSION = 1;
				DEVELOPMENT_TEAM = VEWJJ8ZGBW;
				GENERATE_INFOPLIST_FILE = YES;
				IPHONEOS_DEPLOYMENT_TARGET = 14.0;
				LD_RUNPATH_SEARCH_PATHS = (
					"$(inherited)",
					"@executable_path/Frameworks",
					"@loader_path/Frameworks",
				);
				MARKETING_VERSION = 1.0;
				PRODUCT_BUNDLE_IDENTIFIER = ru.vikhlyaev.ChatUnitTests;
				PRODUCT_NAME = "$(TARGET_NAME)";
				SWIFT_EMIT_LOC_STRINGS = NO;
				SWIFT_OPTIMIZATION_LEVEL = "-Onone";
				SWIFT_VERSION = 5.0;
				TARGETED_DEVICE_FAMILY = "1,2";
				TEST_HOST = "$(BUILT_PRODUCTS_DIR)/Chat.app/$(BUNDLE_EXECUTABLE_FOLDER_PATH)/Chat";
			};
			name = Debug;
		};
		0A2377B82A0BDF5700B8B2AD /* Release */ = {
			isa = XCBuildConfiguration;
			buildSettings = {
				BUNDLE_LOADER = "$(TEST_HOST)";
				CLANG_ENABLE_MODULES = YES;
				CODE_SIGN_STYLE = Automatic;
				CURRENT_PROJECT_VERSION = 1;
				DEVELOPMENT_TEAM = VEWJJ8ZGBW;
				GENERATE_INFOPLIST_FILE = YES;
				IPHONEOS_DEPLOYMENT_TARGET = 14.0;
				LD_RUNPATH_SEARCH_PATHS = (
					"$(inherited)",
					"@executable_path/Frameworks",
					"@loader_path/Frameworks",
				);
				MARKETING_VERSION = 1.0;
				PRODUCT_BUNDLE_IDENTIFIER = ru.vikhlyaev.ChatUnitTests;
				PRODUCT_NAME = "$(TARGET_NAME)";
				SWIFT_EMIT_LOC_STRINGS = NO;
				SWIFT_VERSION = 5.0;
				TARGETED_DEVICE_FAMILY = "1,2";
				TEST_HOST = "$(BUILT_PRODUCTS_DIR)/Chat.app/$(BUNDLE_EXECUTABLE_FOLDER_PATH)/Chat";
			};
			name = Release;
		};
		0AF3177629A0D66A005417A5 /* Debug */ = {
			isa = XCBuildConfiguration;
			baseConfigurationReference = 0AB26A422A1202FF00B2AACA /* Config.xcconfig */;
			buildSettings = {
				ALWAYS_SEARCH_USER_PATHS = NO;
				CLANG_ANALYZER_NONNULL = YES;
				CLANG_ANALYZER_NUMBER_OBJECT_CONVERSION = YES_AGGRESSIVE;
				CLANG_CXX_LANGUAGE_STANDARD = "gnu++20";
				CLANG_ENABLE_MODULES = YES;
				CLANG_ENABLE_OBJC_ARC = YES;
				CLANG_ENABLE_OBJC_WEAK = YES;
				CLANG_WARN_BLOCK_CAPTURE_AUTORELEASING = YES;
				CLANG_WARN_BOOL_CONVERSION = YES;
				CLANG_WARN_COMMA = YES;
				CLANG_WARN_CONSTANT_CONVERSION = YES;
				CLANG_WARN_DEPRECATED_OBJC_IMPLEMENTATIONS = YES;
				CLANG_WARN_DIRECT_OBJC_ISA_USAGE = YES_ERROR;
				CLANG_WARN_DOCUMENTATION_COMMENTS = YES;
				CLANG_WARN_EMPTY_BODY = YES;
				CLANG_WARN_ENUM_CONVERSION = YES;
				CLANG_WARN_INFINITE_RECURSION = YES;
				CLANG_WARN_INT_CONVERSION = YES;
				CLANG_WARN_NON_LITERAL_NULL_CONVERSION = YES;
				CLANG_WARN_OBJC_IMPLICIT_RETAIN_SELF = YES;
				CLANG_WARN_OBJC_LITERAL_CONVERSION = YES;
				CLANG_WARN_OBJC_ROOT_CLASS = YES_ERROR;
				CLANG_WARN_QUOTED_INCLUDE_IN_FRAMEWORK_HEADER = YES;
				CLANG_WARN_RANGE_LOOP_ANALYSIS = YES;
				CLANG_WARN_STRICT_PROTOTYPES = YES;
				CLANG_WARN_SUSPICIOUS_MOVE = YES;
				CLANG_WARN_UNGUARDED_AVAILABILITY = YES_AGGRESSIVE;
				CLANG_WARN_UNREACHABLE_CODE = YES;
				CLANG_WARN__DUPLICATE_METHOD_MATCH = YES;
				COPY_PHASE_STRIP = NO;
				DEBUG_INFORMATION_FORMAT = dwarf;
				ENABLE_STRICT_OBJC_MSGSEND = YES;
				ENABLE_TESTABILITY = YES;
				GCC_C_LANGUAGE_STANDARD = gnu11;
				GCC_DYNAMIC_NO_PIC = NO;
				GCC_NO_COMMON_BLOCKS = YES;
				GCC_OPTIMIZATION_LEVEL = 0;
				GCC_PREPROCESSOR_DEFINITIONS = (
					"DEBUG=1",
					"$(inherited)",
				);
				GCC_WARN_64_TO_32_BIT_CONVERSION = YES;
				GCC_WARN_ABOUT_RETURN_TYPE = YES_ERROR;
				GCC_WARN_UNDECLARED_SELECTOR = YES;
				GCC_WARN_UNINITIALIZED_AUTOS = YES_AGGRESSIVE;
				GCC_WARN_UNUSED_FUNCTION = YES;
				GCC_WARN_UNUSED_VARIABLE = YES;
				IPHONEOS_DEPLOYMENT_TARGET = 14.0;
				MTL_ENABLE_DEBUG_INFO = INCLUDE_SOURCE;
				MTL_FAST_MATH = YES;
				ONLY_ACTIVE_ARCH = YES;
				SDKROOT = iphoneos;
				SWIFT_ACTIVE_COMPILATION_CONDITIONS = DEBUG;
				SWIFT_OPTIMIZATION_LEVEL = "-Onone";
			};
			name = Debug;
		};
		0AF3177729A0D66A005417A5 /* Release */ = {
			isa = XCBuildConfiguration;
			baseConfigurationReference = 0AB26A422A1202FF00B2AACA /* Config.xcconfig */;
			buildSettings = {
				ALWAYS_SEARCH_USER_PATHS = NO;
				CLANG_ANALYZER_NONNULL = YES;
				CLANG_ANALYZER_NUMBER_OBJECT_CONVERSION = YES_AGGRESSIVE;
				CLANG_CXX_LANGUAGE_STANDARD = "gnu++20";
				CLANG_ENABLE_MODULES = YES;
				CLANG_ENABLE_OBJC_ARC = YES;
				CLANG_ENABLE_OBJC_WEAK = YES;
				CLANG_WARN_BLOCK_CAPTURE_AUTORELEASING = YES;
				CLANG_WARN_BOOL_CONVERSION = YES;
				CLANG_WARN_COMMA = YES;
				CLANG_WARN_CONSTANT_CONVERSION = YES;
				CLANG_WARN_DEPRECATED_OBJC_IMPLEMENTATIONS = YES;
				CLANG_WARN_DIRECT_OBJC_ISA_USAGE = YES_ERROR;
				CLANG_WARN_DOCUMENTATION_COMMENTS = YES;
				CLANG_WARN_EMPTY_BODY = YES;
				CLANG_WARN_ENUM_CONVERSION = YES;
				CLANG_WARN_INFINITE_RECURSION = YES;
				CLANG_WARN_INT_CONVERSION = YES;
				CLANG_WARN_NON_LITERAL_NULL_CONVERSION = YES;
				CLANG_WARN_OBJC_IMPLICIT_RETAIN_SELF = YES;
				CLANG_WARN_OBJC_LITERAL_CONVERSION = YES;
				CLANG_WARN_OBJC_ROOT_CLASS = YES_ERROR;
				CLANG_WARN_QUOTED_INCLUDE_IN_FRAMEWORK_HEADER = YES;
				CLANG_WARN_RANGE_LOOP_ANALYSIS = YES;
				CLANG_WARN_STRICT_PROTOTYPES = YES;
				CLANG_WARN_SUSPICIOUS_MOVE = YES;
				CLANG_WARN_UNGUARDED_AVAILABILITY = YES_AGGRESSIVE;
				CLANG_WARN_UNREACHABLE_CODE = YES;
				CLANG_WARN__DUPLICATE_METHOD_MATCH = YES;
				COPY_PHASE_STRIP = NO;
				DEBUG_INFORMATION_FORMAT = "dwarf-with-dsym";
				ENABLE_NS_ASSERTIONS = NO;
				ENABLE_STRICT_OBJC_MSGSEND = YES;
				GCC_C_LANGUAGE_STANDARD = gnu11;
				GCC_NO_COMMON_BLOCKS = YES;
				GCC_WARN_64_TO_32_BIT_CONVERSION = YES;
				GCC_WARN_ABOUT_RETURN_TYPE = YES_ERROR;
				GCC_WARN_UNDECLARED_SELECTOR = YES;
				GCC_WARN_UNINITIALIZED_AUTOS = YES_AGGRESSIVE;
				GCC_WARN_UNUSED_FUNCTION = YES;
				GCC_WARN_UNUSED_VARIABLE = YES;
				IPHONEOS_DEPLOYMENT_TARGET = 14.0;
				MTL_ENABLE_DEBUG_INFO = NO;
				MTL_FAST_MATH = YES;
				SDKROOT = iphoneos;
				SWIFT_COMPILATION_MODE = wholemodule;
				SWIFT_OPTIMIZATION_LEVEL = "-O";
				VALIDATE_PRODUCT = YES;
			};
			name = Release;
		};
		0AF3177929A0D66A005417A5 /* Debug */ = {
			isa = XCBuildConfiguration;
			baseConfigurationReference = EB1789F950297800B2B86C60 /* Pods-Chat.debug.xcconfig */;
			buildSettings = {
				ASSETCATALOG_COMPILER_APPICON_NAME = AppIcon;
				ASSETCATALOG_COMPILER_GLOBAL_ACCENT_COLOR_NAME = AccentColor;
				CODE_SIGN_STYLE = Automatic;
				CURRENT_PROJECT_VERSION = 1;
				DEVELOPMENT_TEAM = VEWJJ8ZGBW;
				GENERATE_INFOPLIST_FILE = YES;
				INFOPLIST_FILE = "Chat/Supporting Files/Info.plist";
				INFOPLIST_KEY_CFBundleDisplayName = "Chat App";
				INFOPLIST_KEY_LSApplicationCategoryType = "public.app-category.social-networking";
				INFOPLIST_KEY_NSCameraUsageDescription = "You can take a photo for your avatar.";
				INFOPLIST_KEY_NSPhotoLibraryUsageDescription = "You can choose pictures for your avatar.";
				INFOPLIST_KEY_UIApplicationSupportsIndirectInputEvents = YES;
				INFOPLIST_KEY_UILaunchStoryboardName = LaunchScreen;
				INFOPLIST_KEY_UISupportedInterfaceOrientations = UIInterfaceOrientationPortrait;
				IPHONEOS_DEPLOYMENT_TARGET = 14.0;
				LD_RUNPATH_SEARCH_PATHS = (
					"$(inherited)",
					"@executable_path/Frameworks",
				);
				MARKETING_VERSION = 1.0;
				PRODUCT_BUNDLE_IDENTIFIER = ru.vikhlyaev.Chat;
				PRODUCT_NAME = "$(TARGET_NAME)";
				SUPPORTED_PLATFORMS = "iphoneos iphonesimulator";
				SUPPORTS_MACCATALYST = NO;
				SUPPORTS_MAC_DESIGNED_FOR_IPHONE_IPAD = NO;
				SWIFT_EMIT_LOC_STRINGS = YES;
				SWIFT_VERSION = 5.0;
				TARGETED_DEVICE_FAMILY = 1;
			};
			name = Debug;
		};
		0AF3177A29A0D66A005417A5 /* Release */ = {
			isa = XCBuildConfiguration;
			baseConfigurationReference = B27474786F61F84813DEE01F /* Pods-Chat.release.xcconfig */;
			buildSettings = {
				ASSETCATALOG_COMPILER_APPICON_NAME = AppIcon;
				ASSETCATALOG_COMPILER_GLOBAL_ACCENT_COLOR_NAME = AccentColor;
				CODE_SIGN_STYLE = Automatic;
				CURRENT_PROJECT_VERSION = 1;
				DEVELOPMENT_TEAM = VEWJJ8ZGBW;
				GENERATE_INFOPLIST_FILE = YES;
				INFOPLIST_FILE = "Chat/Supporting Files/Info.plist";
				INFOPLIST_KEY_CFBundleDisplayName = "Chat App";
				INFOPLIST_KEY_LSApplicationCategoryType = "public.app-category.social-networking";
				INFOPLIST_KEY_NSCameraUsageDescription = "You can take a photo for your avatar.";
				INFOPLIST_KEY_NSPhotoLibraryUsageDescription = "You can choose pictures for your avatar.";
				INFOPLIST_KEY_UIApplicationSupportsIndirectInputEvents = YES;
				INFOPLIST_KEY_UILaunchStoryboardName = LaunchScreen;
				INFOPLIST_KEY_UISupportedInterfaceOrientations = UIInterfaceOrientationPortrait;
				IPHONEOS_DEPLOYMENT_TARGET = 14.0;
				LD_RUNPATH_SEARCH_PATHS = (
					"$(inherited)",
					"@executable_path/Frameworks",
				);
				MARKETING_VERSION = 1.0;
				PRODUCT_BUNDLE_IDENTIFIER = ru.vikhlyaev.Chat;
				PRODUCT_NAME = "$(TARGET_NAME)";
				SUPPORTED_PLATFORMS = "iphoneos iphonesimulator";
				SUPPORTS_MACCATALYST = NO;
				SUPPORTS_MAC_DESIGNED_FOR_IPHONE_IPAD = NO;
				SWIFT_EMIT_LOC_STRINGS = YES;
				SWIFT_VERSION = 5.0;
				TARGETED_DEVICE_FAMILY = 1;
			};
			name = Release;
		};
/* End XCBuildConfiguration section */

/* Begin XCConfigurationList section */
		0A2377A92A0BDF4B00B8B2AD /* Build configuration list for PBXNativeTarget "ChatUITests" */ = {
			isa = XCConfigurationList;
			buildConfigurations = (
				0A2377AA2A0BDF4B00B8B2AD /* Debug */,
				0A2377AB2A0BDF4B00B8B2AD /* Release */,
			);
			defaultConfigurationIsVisible = 0;
			defaultConfigurationName = Release;
		};
		0A2377B62A0BDF5700B8B2AD /* Build configuration list for PBXNativeTarget "ChatUnitTests" */ = {
			isa = XCConfigurationList;
			buildConfigurations = (
				0A2377B72A0BDF5700B8B2AD /* Debug */,
				0A2377B82A0BDF5700B8B2AD /* Release */,
			);
			defaultConfigurationIsVisible = 0;
			defaultConfigurationName = Release;
		};
		0AF3175F29A0D667005417A5 /* Build configuration list for PBXProject "Chat" */ = {
			isa = XCConfigurationList;
			buildConfigurations = (
				0AF3177629A0D66A005417A5 /* Debug */,
				0AF3177729A0D66A005417A5 /* Release */,
			);
			defaultConfigurationIsVisible = 0;
			defaultConfigurationName = Release;
		};
		0AF3177829A0D66A005417A5 /* Build configuration list for PBXNativeTarget "Chat" */ = {
			isa = XCConfigurationList;
			buildConfigurations = (
				0AF3177929A0D66A005417A5 /* Debug */,
				0AF3177A29A0D66A005417A5 /* Release */,
			);
			defaultConfigurationIsVisible = 0;
			defaultConfigurationName = Release;
		};
/* End XCConfigurationList section */

/* Begin XCVersionGroup section */
		0A41D39929E6D75500FE0A0F /* Chat.xcdatamodeld */ = {
			isa = XCVersionGroup;
			children = (
				0A41D39A29E6D75500FE0A0F /* Chat.xcdatamodel */,
			);
			currentVersion = 0A41D39A29E6D75500FE0A0F /* Chat.xcdatamodel */;
			path = Chat.xcdatamodeld;
			sourceTree = "<group>";
			versionGroupType = wrapper.xcdatamodel;
		};
/* End XCVersionGroup section */
	};
	rootObject = 0AF3175C29A0D667005417A5 /* Project object */;
}
