// !$*UTF8*$!
{
	archiveVersion = 1;
	classes = {
	};
	objectVersion = 56;
	objects = {

/* Begin PBXBuildFile section */
		0A03CD5B29B984A500B9CC8E /* UIColor + Extensions.swift in Sources */ = {isa = PBXBuildFile; fileRef = 0A03CD5A29B984A500B9CC8E /* UIColor + Extensions.swift */; };
		0A03CD5F29B988EE00B9CC8E /* Date + Extensions.swift in Sources */ = {isa = PBXBuildFile; fileRef = 0A03CD5E29B988EE00B9CC8E /* Date + Extensions.swift */; };
		0A03CD6329B98A2300B9CC8E /* ProfileViewModel.swift in Sources */ = {isa = PBXBuildFile; fileRef = 0A03CD6229B98A2300B9CC8E /* ProfileViewModel.swift */; };
		0A03CD6529B98B4400B9CC8E /* ConfigurableViewProtocol.swift in Sources */ = {isa = PBXBuildFile; fileRef = 0A03CD6429B98B4400B9CC8E /* ConfigurableViewProtocol.swift */; };
		0A03CD6929B98E3D00B9CC8E /* Message.swift in Sources */ = {isa = PBXBuildFile; fileRef = 0A03CD6829B98E3D00B9CC8E /* Message.swift */; };
		0A03CD6B29B9907400B9CC8E /* ConversationsListCell.swift in Sources */ = {isa = PBXBuildFile; fileRef = 0A03CD6A29B9907400B9CC8E /* ConversationsListCell.swift */; };
		0A03CD6D29B9910200B9CC8E /* ChannelsListCellModel.swift in Sources */ = {isa = PBXBuildFile; fileRef = 0A03CD6C29B9910200B9CC8E /* ChannelsListCellModel.swift */; };
		0A03CD7029B99BBE00B9CC8E /* ChannelViewController.swift in Sources */ = {isa = PBXBuildFile; fileRef = 0A03CD6F29B99BBE00B9CC8E /* ChannelViewController.swift */; };
		0A03CD7229B99C1300B9CC8E /* ChannelCell.swift in Sources */ = {isa = PBXBuildFile; fileRef = 0A03CD7129B99C1300B9CC8E /* ChannelCell.swift */; };
		0A03CD7429B9A18800B9CC8E /* MessageCellModel.swift in Sources */ = {isa = PBXBuildFile; fileRef = 0A03CD7329B9A18800B9CC8E /* MessageCellModel.swift */; };
		0A03CD7629B9DA0C00B9CC8E /* Array + Extensions.swift in Sources */ = {isa = PBXBuildFile; fileRef = 0A03CD7529B9DA0C00B9CC8E /* Array + Extensions.swift */; };
		0A3D726229C9CB9A002774AE /* ConcurrencyService.swift in Sources */ = {isa = PBXBuildFile; fileRef = 0A3D726129C9CB9A002774AE /* ConcurrencyService.swift */; };
		0A3D726929CB3599002774AE /* String + Extensions.swift in Sources */ = {isa = PBXBuildFile; fileRef = 0A3D726829CB3599002774AE /* String + Extensions.swift */; };
		0A41D71B29C97FE600F7987D /* ProfileEditCell.swift in Sources */ = {isa = PBXBuildFile; fileRef = 0A41D71A29C97FE600F7987D /* ProfileEditCell.swift */; };
		0A4D605529DB3EAA00585535 /* ProfileViewController.swift in Sources */ = {isa = PBXBuildFile; fileRef = 0AF3178F29A3C1BB005417A5 /* ProfileViewController.swift */; };
		0A714C0329DB4B7A007D76C5 /* TabBarController.swift in Sources */ = {isa = PBXBuildFile; fileRef = 0A714C0229DB4B7A007D76C5 /* TabBarController.swift */; };
		0A714C0B29DC5F89007D76C5 /* UIImageView + Extensions.swift in Sources */ = {isa = PBXBuildFile; fileRef = 0A714C0A29DC5F89007D76C5 /* UIImageView + Extensions.swift */; };
		0A9F45B129D74FF400BB7A4A /* UITextField + Extensions.swift in Sources */ = {isa = PBXBuildFile; fileRef = 0A9F45B029D74FF400BB7A4A /* UITextField + Extensions.swift */; };
		0A9F45B329D750B000BB7A4A /* Publisher + Extensions.swift in Sources */ = {isa = PBXBuildFile; fileRef = 0A9F45B229D750B000BB7A4A /* Publisher + Extensions.swift */; };
		0AB6B5BA29C1E5CD00361A2C /* CustomNavBar.swift in Sources */ = {isa = PBXBuildFile; fileRef = 0AB6B5B929C1E5CD00361A2C /* CustomNavBar.swift */; };
		0AB6B5BF29C1EBEB00361A2C /* SettingsViewController.swift in Sources */ = {isa = PBXBuildFile; fileRef = 0AB6B5BE29C1EBEB00361A2C /* SettingsViewController.swift */; };
		0AB6B5C229C1EC1600361A2C /* ThemesCell.swift in Sources */ = {isa = PBXBuildFile; fileRef = 0AB6B5C129C1EC1600361A2C /* ThemesCell.swift */; };
		0AB6B5C429C1EC3E00361A2C /* ThemesCellDelegate.swift in Sources */ = {isa = PBXBuildFile; fileRef = 0AB6B5C329C1EC3E00361A2C /* ThemesCellDelegate.swift */; };
		0AB6B5C629C1EC6A00361A2C /* ThemesButton.swift in Sources */ = {isa = PBXBuildFile; fileRef = 0AB6B5C529C1EC6A00361A2C /* ThemesButton.swift */; };
		0AB6B5CA29C1ED8700361A2C /* ThemesManager.swift in Sources */ = {isa = PBXBuildFile; fileRef = 0AB6B5C929C1ED8700361A2C /* ThemesManager.swift */; };
		0AB6B5CE29C20E1B00361A2C /* ConversationsListHeader.swift in Sources */ = {isa = PBXBuildFile; fileRef = 0AB6B5CD29C20E1B00361A2C /* ConversationsListHeader.swift */; };
		0AB6B5D629C25B4100361A2C /* ChannelHeader.swift in Sources */ = {isa = PBXBuildFile; fileRef = 0AB6B5D529C25B4100361A2C /* ChannelHeader.swift */; };
		0ABA817729CF1B48002D053D /* AlertPresenter.swift in Sources */ = {isa = PBXBuildFile; fileRef = 0ABA817629CF1B48002D053D /* AlertPresenter.swift */; };
		0ABA817929CF1B5C002D053D /* AlertViewModel.swift in Sources */ = {isa = PBXBuildFile; fileRef = 0ABA817829CF1B5C002D053D /* AlertViewModel.swift */; };
		0AF3176829A0D667005417A5 /* AppDelegate.swift in Sources */ = {isa = PBXBuildFile; fileRef = 0AF3176729A0D667005417A5 /* AppDelegate.swift */; };
		0AF3176C29A0D667005417A5 /* ChannelsListViewController.swift in Sources */ = {isa = PBXBuildFile; fileRef = 0AF3176B29A0D667005417A5 /* ChannelsListViewController.swift */; };
		0AF3177129A0D66A005417A5 /* Assets.xcassets in Resources */ = {isa = PBXBuildFile; fileRef = 0AF3177029A0D66A005417A5 /* Assets.xcassets */; };
		0AF3177429A0D66A005417A5 /* LaunchScreen.storyboard in Resources */ = {isa = PBXBuildFile; fileRef = 0AF3177229A0D66A005417A5 /* LaunchScreen.storyboard */; };
		0AFE033429DB438400672330 /* .swiftlint.yml in Resources */ = {isa = PBXBuildFile; fileRef = 0AFE033329DB438400672330 /* .swiftlint.yml */; };
		7624291884D577B0DE7F4EF7 /* Pods_Chat.framework in Frameworks */ = {isa = PBXBuildFile; fileRef = F66F2529A7C67C5C2B0AAAF5 /* Pods_Chat.framework */; };
/* End PBXBuildFile section */

/* Begin PBXFileReference section */
		0A03CD5A29B984A500B9CC8E /* UIColor + Extensions.swift */ = {isa = PBXFileReference; fileEncoding = 4; lastKnownFileType = sourcecode.swift; path = "UIColor + Extensions.swift"; sourceTree = "<group>"; };
		0A03CD5E29B988EE00B9CC8E /* Date + Extensions.swift */ = {isa = PBXFileReference; lastKnownFileType = sourcecode.swift; path = "Date + Extensions.swift"; sourceTree = "<group>"; };
		0A03CD6229B98A2300B9CC8E /* ProfileViewModel.swift */ = {isa = PBXFileReference; lastKnownFileType = sourcecode.swift; path = ProfileViewModel.swift; sourceTree = "<group>"; };
		0A03CD6429B98B4400B9CC8E /* ConfigurableViewProtocol.swift */ = {isa = PBXFileReference; lastKnownFileType = sourcecode.swift; path = ConfigurableViewProtocol.swift; sourceTree = "<group>"; };
		0A03CD6829B98E3D00B9CC8E /* Message.swift */ = {isa = PBXFileReference; lastKnownFileType = sourcecode.swift; path = Message.swift; sourceTree = "<group>"; };
		0A03CD6A29B9907400B9CC8E /* ConversationsListCell.swift */ = {isa = PBXFileReference; lastKnownFileType = sourcecode.swift; path = ConversationsListCell.swift; sourceTree = "<group>"; };
		0A03CD6C29B9910200B9CC8E /* ChannelsListCellModel.swift */ = {isa = PBXFileReference; lastKnownFileType = sourcecode.swift; path = ChannelsListCellModel.swift; sourceTree = "<group>"; };
		0A03CD6F29B99BBE00B9CC8E /* ChannelViewController.swift */ = {isa = PBXFileReference; lastKnownFileType = sourcecode.swift; path = ChannelViewController.swift; sourceTree = "<group>"; };
		0A03CD7129B99C1300B9CC8E /* ChannelCell.swift */ = {isa = PBXFileReference; lastKnownFileType = sourcecode.swift; path = ChannelCell.swift; sourceTree = "<group>"; };
		0A03CD7329B9A18800B9CC8E /* MessageCellModel.swift */ = {isa = PBXFileReference; lastKnownFileType = sourcecode.swift; path = MessageCellModel.swift; sourceTree = "<group>"; };
		0A03CD7529B9DA0C00B9CC8E /* Array + Extensions.swift */ = {isa = PBXFileReference; lastKnownFileType = sourcecode.swift; path = "Array + Extensions.swift"; sourceTree = "<group>"; };
		0A3D726129C9CB9A002774AE /* ConcurrencyService.swift */ = {isa = PBXFileReference; lastKnownFileType = sourcecode.swift; path = ConcurrencyService.swift; sourceTree = "<group>"; };
		0A3D726829CB3599002774AE /* String + Extensions.swift */ = {isa = PBXFileReference; lastKnownFileType = sourcecode.swift; path = "String + Extensions.swift"; sourceTree = "<group>"; };
		0A41D71A29C97FE600F7987D /* ProfileEditCell.swift */ = {isa = PBXFileReference; lastKnownFileType = sourcecode.swift; path = ProfileEditCell.swift; sourceTree = "<group>"; };
		0A714C0229DB4B7A007D76C5 /* TabBarController.swift */ = {isa = PBXFileReference; lastKnownFileType = sourcecode.swift; path = TabBarController.swift; sourceTree = "<group>"; };
		0A714C0A29DC5F89007D76C5 /* UIImageView + Extensions.swift */ = {isa = PBXFileReference; lastKnownFileType = sourcecode.swift; path = "UIImageView + Extensions.swift"; sourceTree = "<group>"; };
		0A9F45B029D74FF400BB7A4A /* UITextField + Extensions.swift */ = {isa = PBXFileReference; lastKnownFileType = sourcecode.swift; path = "UITextField + Extensions.swift"; sourceTree = "<group>"; };
		0A9F45B229D750B000BB7A4A /* Publisher + Extensions.swift */ = {isa = PBXFileReference; lastKnownFileType = sourcecode.swift; path = "Publisher + Extensions.swift"; sourceTree = "<group>"; };
		0AB6B5B929C1E5CD00361A2C /* CustomNavBar.swift */ = {isa = PBXFileReference; lastKnownFileType = sourcecode.swift; path = CustomNavBar.swift; sourceTree = "<group>"; };
		0AB6B5BE29C1EBEB00361A2C /* SettingsViewController.swift */ = {isa = PBXFileReference; lastKnownFileType = sourcecode.swift; path = SettingsViewController.swift; sourceTree = "<group>"; };
		0AB6B5C129C1EC1600361A2C /* ThemesCell.swift */ = {isa = PBXFileReference; lastKnownFileType = sourcecode.swift; path = ThemesCell.swift; sourceTree = "<group>"; };
		0AB6B5C329C1EC3E00361A2C /* ThemesCellDelegate.swift */ = {isa = PBXFileReference; lastKnownFileType = sourcecode.swift; path = ThemesCellDelegate.swift; sourceTree = "<group>"; };
		0AB6B5C529C1EC6A00361A2C /* ThemesButton.swift */ = {isa = PBXFileReference; lastKnownFileType = sourcecode.swift; path = ThemesButton.swift; sourceTree = "<group>"; };
		0AB6B5C929C1ED8700361A2C /* ThemesManager.swift */ = {isa = PBXFileReference; lastKnownFileType = sourcecode.swift; path = ThemesManager.swift; sourceTree = "<group>"; };
		0AB6B5CD29C20E1B00361A2C /* ConversationsListHeader.swift */ = {isa = PBXFileReference; lastKnownFileType = sourcecode.swift; path = ConversationsListHeader.swift; sourceTree = "<group>"; };
		0AB6B5D529C25B4100361A2C /* ChannelHeader.swift */ = {isa = PBXFileReference; lastKnownFileType = sourcecode.swift; path = ChannelHeader.swift; sourceTree = "<group>"; };
		0ABA817629CF1B48002D053D /* AlertPresenter.swift */ = {isa = PBXFileReference; lastKnownFileType = sourcecode.swift; path = AlertPresenter.swift; sourceTree = "<group>"; };
		0ABA817829CF1B5C002D053D /* AlertViewModel.swift */ = {isa = PBXFileReference; lastKnownFileType = sourcecode.swift; path = AlertViewModel.swift; sourceTree = "<group>"; };
		0AF3176429A0D667005417A5 /* Chat.app */ = {isa = PBXFileReference; explicitFileType = wrapper.application; includeInIndex = 0; path = Chat.app; sourceTree = BUILT_PRODUCTS_DIR; };
		0AF3176729A0D667005417A5 /* AppDelegate.swift */ = {isa = PBXFileReference; lastKnownFileType = sourcecode.swift; path = AppDelegate.swift; sourceTree = "<group>"; };
		0AF3176B29A0D667005417A5 /* ChannelsListViewController.swift */ = {isa = PBXFileReference; lastKnownFileType = sourcecode.swift; path = ChannelsListViewController.swift; sourceTree = "<group>"; };
		0AF3177029A0D66A005417A5 /* Assets.xcassets */ = {isa = PBXFileReference; lastKnownFileType = folder.assetcatalog; path = Assets.xcassets; sourceTree = "<group>"; };
		0AF3177329A0D66A005417A5 /* Base */ = {isa = PBXFileReference; lastKnownFileType = file.storyboard; name = Base; path = Base.lproj/LaunchScreen.storyboard; sourceTree = "<group>"; };
		0AF3177529A0D66A005417A5 /* Info.plist */ = {isa = PBXFileReference; lastKnownFileType = text.plist.xml; path = Info.plist; sourceTree = "<group>"; };
		0AF3178F29A3C1BB005417A5 /* ProfileViewController.swift */ = {isa = PBXFileReference; lastKnownFileType = sourcecode.swift; path = ProfileViewController.swift; sourceTree = "<group>"; };
		0AFE033329DB438400672330 /* .swiftlint.yml */ = {isa = PBXFileReference; fileEncoding = 4; lastKnownFileType = text.yaml; path = .swiftlint.yml; sourceTree = "<group>"; };
		B27474786F61F84813DEE01F /* Pods-Chat.release.xcconfig */ = {isa = PBXFileReference; includeInIndex = 1; lastKnownFileType = text.xcconfig; name = "Pods-Chat.release.xcconfig"; path = "Target Support Files/Pods-Chat/Pods-Chat.release.xcconfig"; sourceTree = "<group>"; };
		EB1789F950297800B2B86C60 /* Pods-Chat.debug.xcconfig */ = {isa = PBXFileReference; includeInIndex = 1; lastKnownFileType = text.xcconfig; name = "Pods-Chat.debug.xcconfig"; path = "Target Support Files/Pods-Chat/Pods-Chat.debug.xcconfig"; sourceTree = "<group>"; };
		F66F2529A7C67C5C2B0AAAF5 /* Pods_Chat.framework */ = {isa = PBXFileReference; explicitFileType = wrapper.framework; includeInIndex = 0; path = Pods_Chat.framework; sourceTree = BUILT_PRODUCTS_DIR; };
/* End PBXFileReference section */

/* Begin PBXFrameworksBuildPhase section */
		0AF3176129A0D667005417A5 /* Frameworks */ = {
			isa = PBXFrameworksBuildPhase;
			buildActionMask = 2147483647;
			files = (
				7624291884D577B0DE7F4EF7 /* Pods_Chat.framework in Frameworks */,
			);
			runOnlyForDeploymentPostprocessing = 0;
		};
/* End PBXFrameworksBuildPhase section */

/* Begin PBXGroup section */
		0A03CD6029B9893100B9CC8E /* UIKit */ = {
			isa = PBXGroup;
			children = (
				0A03CD5A29B984A500B9CC8E /* UIColor + Extensions.swift */,
				0A9F45B029D74FF400BB7A4A /* UITextField + Extensions.swift */,
				0A714C0A29DC5F89007D76C5 /* UIImageView + Extensions.swift */,
			);
			path = UIKit;
			sourceTree = "<group>";
		};
		0A03CD6129B989C000B9CC8E /* Configuration */ = {
			isa = PBXGroup;
			children = (
				0A03CD6C29B9910200B9CC8E /* ChannelsListCellModel.swift */,
				0A03CD6229B98A2300B9CC8E /* ProfileViewModel.swift */,
				0A03CD7329B9A18800B9CC8E /* MessageCellModel.swift */,
				0A03CD6429B98B4400B9CC8E /* ConfigurableViewProtocol.swift */,
				0ABA817829CF1B5C002D053D /* AlertViewModel.swift */,
			);
			path = Configuration;
			sourceTree = "<group>";
		};
		0A03CD6E29B99BB300B9CC8E /* Channel */ = {
			isa = PBXGroup;
			children = (
				0A03CD6F29B99BBE00B9CC8E /* ChannelViewController.swift */,
				0A03CD7129B99C1300B9CC8E /* ChannelCell.swift */,
				0AB6B5D529C25B4100361A2C /* ChannelHeader.swift */,
				0AB6B5B929C1E5CD00361A2C /* CustomNavBar.swift */,
			);
			path = Channel;
			sourceTree = "<group>";
		};
		0A63C5D629A8F69B0000173B /* Model */ = {
			isa = PBXGroup;
			children = (
				0A03CD6129B989C000B9CC8E /* Configuration */,
				0A03CD6829B98E3D00B9CC8E /* Message.swift */,
			);
			path = Model;
			sourceTree = "<group>";
		};
		0A63C5D929A900CD0000173B /* Profile */ = {
			isa = PBXGroup;
			children = (
				0AF3178F29A3C1BB005417A5 /* ProfileViewController.swift */,
				0A41D71A29C97FE600F7987D /* ProfileEditCell.swift */,
			);
			path = Profile;
			sourceTree = "<group>";
		};
		0A63C5DA29A900D50000173B /* ChannelsList */ = {
			isa = PBXGroup;
			children = (
				0AF3176B29A0D667005417A5 /* ChannelsListViewController.swift */,
				0A03CD6A29B9907400B9CC8E /* ConversationsListCell.swift */,
				0AB6B5CD29C20E1B00361A2C /* ConversationsListHeader.swift */,
			);
			path = ChannelsList;
			sourceTree = "<group>";
		};
		0AA5CE6129A7865500C4BBE4 /* Extensions */ = {
			isa = PBXGroup;
			children = (
				0A03CD6029B9893100B9CC8E /* UIKit */,
				0A03CD5E29B988EE00B9CC8E /* Date + Extensions.swift */,
				0A03CD7529B9DA0C00B9CC8E /* Array + Extensions.swift */,
				0A3D726829CB3599002774AE /* String + Extensions.swift */,
				0A9F45B229D750B000BB7A4A /* Publisher + Extensions.swift */,
			);
			path = Extensions;
			sourceTree = "<group>";
		};
		0AB6B5B529C1E50B00361A2C /* Services */ = {
			isa = PBXGroup;
			children = (
				0A3D726129C9CB9A002774AE /* ConcurrencyService.swift */,
				0AB6B5C929C1ED8700361A2C /* ThemesManager.swift */,
				0ABA817629CF1B48002D053D /* AlertPresenter.swift */,
			);
			path = Services;
			sourceTree = "<group>";
		};
		0AB6B5BD29C1EB7B00361A2C /* Settings */ = {
			isa = PBXGroup;
			children = (
				0AB6B5C029C1EC0B00361A2C /* Themes */,
				0AB6B5BE29C1EBEB00361A2C /* SettingsViewController.swift */,
			);
			path = Settings;
			sourceTree = "<group>";
		};
		0AB6B5C029C1EC0B00361A2C /* Themes */ = {
			isa = PBXGroup;
			children = (
				0AB6B5C129C1EC1600361A2C /* ThemesCell.swift */,
				0AB6B5C329C1EC3E00361A2C /* ThemesCellDelegate.swift */,
				0AB6B5C529C1EC6A00361A2C /* ThemesButton.swift */,
			);
			path = Themes;
			sourceTree = "<group>";
		};
		0AF3175B29A0D667005417A5 = {
			isa = PBXGroup;
			children = (
				0AF3176629A0D667005417A5 /* Chat */,
				0AF3176529A0D667005417A5 /* Products */,
				C81EA66786004A5B0FC4B826 /* Pods */,
				E393F93ABC914108816B261B /* Frameworks */,
				0AFE033329DB438400672330 /* .swiftlint.yml */,
			);
			sourceTree = "<group>";
		};
		0AF3176529A0D667005417A5 /* Products */ = {
			isa = PBXGroup;
			children = (
				0AF3176429A0D667005417A5 /* Chat.app */,
			);
			name = Products;
			sourceTree = "<group>";
		};
		0AF3176629A0D667005417A5 /* Chat */ = {
			isa = PBXGroup;
			children = (
				0AF3177B29A0D84B005417A5 /* Application */,
				0A63C5D629A8F69B0000173B /* Model */,
				0AF3177E29A0D8EB005417A5 /* Screens */,
				0AB6B5B529C1E50B00361A2C /* Services */,
				0AA5CE6129A7865500C4BBE4 /* Extensions */,
				0AF3177C29A0D877005417A5 /* Resources */,
				0AF3177D29A0D884005417A5 /* Supporting Files */,
			);
			path = Chat;
			sourceTree = "<group>";
		};
		0AF3177B29A0D84B005417A5 /* Application */ = {
			isa = PBXGroup;
			children = (
				0AF3176729A0D667005417A5 /* AppDelegate.swift */,
			);
			path = Application;
			sourceTree = "<group>";
		};
		0AF3177C29A0D877005417A5 /* Resources */ = {
			isa = PBXGroup;
			children = (
				0AF3177029A0D66A005417A5 /* Assets.xcassets */,
			);
			path = Resources;
			sourceTree = "<group>";
		};
		0AF3177D29A0D884005417A5 /* Supporting Files */ = {
			isa = PBXGroup;
			children = (
				0AF3177229A0D66A005417A5 /* LaunchScreen.storyboard */,
				0AF3177529A0D66A005417A5 /* Info.plist */,
			);
			path = "Supporting Files";
			sourceTree = "<group>";
		};
		0AF3177E29A0D8EB005417A5 /* Screens */ = {
			isa = PBXGroup;
			children = (
				0AB6B5BD29C1EB7B00361A2C /* Settings */,
				0A03CD6E29B99BB300B9CC8E /* Channel */,
				0A63C5DA29A900D50000173B /* ChannelsList */,
				0A63C5D929A900CD0000173B /* Profile */,
				0A714C0229DB4B7A007D76C5 /* TabBarController.swift */,
			);
			path = Screens;
			sourceTree = "<group>";
		};
		C81EA66786004A5B0FC4B826 /* Pods */ = {
			isa = PBXGroup;
			children = (
				EB1789F950297800B2B86C60 /* Pods-Chat.debug.xcconfig */,
				B27474786F61F84813DEE01F /* Pods-Chat.release.xcconfig */,
			);
			path = Pods;
			sourceTree = "<group>";
		};
		E393F93ABC914108816B261B /* Frameworks */ = {
			isa = PBXGroup;
			children = (
				F66F2529A7C67C5C2B0AAAF5 /* Pods_Chat.framework */,
			);
			name = Frameworks;
			sourceTree = "<group>";
		};
/* End PBXGroup section */

/* Begin PBXNativeTarget section */
		0AF3176329A0D667005417A5 /* Chat */ = {
			isa = PBXNativeTarget;
			buildConfigurationList = 0AF3177829A0D66A005417A5 /* Build configuration list for PBXNativeTarget "Chat" */;
			buildPhases = (
				C9E3DD1268601E9F1C9CA01A /* [CP] Check Pods Manifest.lock */,
				0AF3176029A0D667005417A5 /* Sources */,
				0AF3176129A0D667005417A5 /* Frameworks */,
				0AF3176229A0D667005417A5 /* Resources */,
				0AFE033029DB41E700672330 /* ShellScript */,
				AA31E2043F07F62AA6725E2E /* [CP] Embed Pods Frameworks */,
			);
			buildRules = (
			);
			dependencies = (
			);
			name = Chat;
			productName = Chat;
			productReference = 0AF3176429A0D667005417A5 /* Chat.app */;
			productType = "com.apple.product-type.application";
		};
/* End PBXNativeTarget section */

/* Begin PBXProject section */
		0AF3175C29A0D667005417A5 /* Project object */ = {
			isa = PBXProject;
			attributes = {
				BuildIndependentTargetsInParallel = 1;
				LastSwiftUpdateCheck = 1420;
				LastUpgradeCheck = 1420;
				TargetAttributes = {
					0AF3176329A0D667005417A5 = {
						CreatedOnToolsVersion = 14.2;
					};
				};
			};
			buildConfigurationList = 0AF3175F29A0D667005417A5 /* Build configuration list for PBXProject "Chat" */;
			compatibilityVersion = "Xcode 14.0";
			developmentRegion = en;
			hasScannedForEncodings = 0;
			knownRegions = (
				en,
				Base,
			);
			mainGroup = 0AF3175B29A0D667005417A5;
			productRefGroup = 0AF3176529A0D667005417A5 /* Products */;
			projectDirPath = "";
			projectRoot = "";
			targets = (
				0AF3176329A0D667005417A5 /* Chat */,
			);
		};
/* End PBXProject section */

/* Begin PBXResourcesBuildPhase section */
		0AF3176229A0D667005417A5 /* Resources */ = {
			isa = PBXResourcesBuildPhase;
			buildActionMask = 2147483647;
			files = (
				0AFE033429DB438400672330 /* .swiftlint.yml in Resources */,
				0AF3177429A0D66A005417A5 /* LaunchScreen.storyboard in Resources */,
				0AF3177129A0D66A005417A5 /* Assets.xcassets in Resources */,
			);
			runOnlyForDeploymentPostprocessing = 0;
		};
/* End PBXResourcesBuildPhase section */

/* Begin PBXShellScriptBuildPhase section */
		0AFE033029DB41E700672330 /* ShellScript */ = {
			isa = PBXShellScriptBuildPhase;
			alwaysOutOfDate = 1;
			buildActionMask = 2147483647;
			files = (
			);
			inputFileListPaths = (
			);
			inputPaths = (
			);
			outputFileListPaths = (
			);
			outputPaths = (
			);
			runOnlyForDeploymentPostprocessing = 0;
			shellPath = /bin/sh;
			shellScript = "\"${PODS_ROOT}/SwiftLint/swiftlint\"\n";
		};
		AA31E2043F07F62AA6725E2E /* [CP] Embed Pods Frameworks */ = {
			isa = PBXShellScriptBuildPhase;
			buildActionMask = 2147483647;
			files = (
			);
			inputFileListPaths = (
				"${PODS_ROOT}/Target Support Files/Pods-Chat/Pods-Chat-frameworks-${CONFIGURATION}-input-files.xcfilelist",
			);
			name = "[CP] Embed Pods Frameworks";
			outputFileListPaths = (
				"${PODS_ROOT}/Target Support Files/Pods-Chat/Pods-Chat-frameworks-${CONFIGURATION}-output-files.xcfilelist",
			);
			runOnlyForDeploymentPostprocessing = 0;
			shellPath = /bin/sh;
			shellScript = "\"${PODS_ROOT}/Target Support Files/Pods-Chat/Pods-Chat-frameworks.sh\"\n";
			showEnvVarsInLog = 0;
		};
		C9E3DD1268601E9F1C9CA01A /* [CP] Check Pods Manifest.lock */ = {
			isa = PBXShellScriptBuildPhase;
			buildActionMask = 2147483647;
			files = (
			);
			inputFileListPaths = (
			);
			inputPaths = (
				"${PODS_PODFILE_DIR_PATH}/Podfile.lock",
				"${PODS_ROOT}/Manifest.lock",
			);
			name = "[CP] Check Pods Manifest.lock";
			outputFileListPaths = (
			);
			outputPaths = (
				"$(DERIVED_FILE_DIR)/Pods-Chat-checkManifestLockResult.txt",
			);
			runOnlyForDeploymentPostprocessing = 0;
			shellPath = /bin/sh;
			shellScript = "diff \"${PODS_PODFILE_DIR_PATH}/Podfile.lock\" \"${PODS_ROOT}/Manifest.lock\" > /dev/null\nif [ $? != 0 ] ; then\n    # print error to STDERR\n    echo \"error: The sandbox is not in sync with the Podfile.lock. Run 'pod install' or update your CocoaPods installation.\" >&2\n    exit 1\nfi\n# This output is used by Xcode 'outputs' to avoid re-running this script phase.\necho \"SUCCESS\" > \"${SCRIPT_OUTPUT_FILE_0}\"\n";
			showEnvVarsInLog = 0;
		};
/* End PBXShellScriptBuildPhase section */

/* Begin PBXSourcesBuildPhase section */
		0AF3176029A0D667005417A5 /* Sources */ = {
			isa = PBXSourcesBuildPhase;
			buildActionMask = 2147483647;
			files = (
				0A03CD6B29B9907400B9CC8E /* ConversationsListCell.swift in Sources */,
				0AF3176C29A0D667005417A5 /* ChannelsListViewController.swift in Sources */,
				0AB6B5CA29C1ED8700361A2C /* ThemesManager.swift in Sources */,
				0A9F45B129D74FF400BB7A4A /* UITextField + Extensions.swift in Sources */,
				0AF3176829A0D667005417A5 /* AppDelegate.swift in Sources */,
				0AB6B5CE29C20E1B00361A2C /* ConversationsListHeader.swift in Sources */,
				0A714C0B29DC5F89007D76C5 /* UIImageView + Extensions.swift in Sources */,
				0A03CD7429B9A18800B9CC8E /* MessageCellModel.swift in Sources */,
				0ABA817929CF1B5C002D053D /* AlertViewModel.swift in Sources */,
				0A03CD6329B98A2300B9CC8E /* ProfileViewModel.swift in Sources */,
				0A03CD7229B99C1300B9CC8E /* ChannelCell.swift in Sources */,
				0A9F45B329D750B000BB7A4A /* Publisher + Extensions.swift in Sources */,
				0A41D71B29C97FE600F7987D /* ProfileEditCell.swift in Sources */,
				0AB6B5D629C25B4100361A2C /* ChannelHeader.swift in Sources */,
				0A3D726929CB3599002774AE /* String + Extensions.swift in Sources */,
				0A03CD5F29B988EE00B9CC8E /* Date + Extensions.swift in Sources */,
				0AB6B5C629C1EC6A00361A2C /* ThemesButton.swift in Sources */,
				0A3D726229C9CB9A002774AE /* ConcurrencyService.swift in Sources */,
				0A714C0329DB4B7A007D76C5 /* TabBarController.swift in Sources */,
				0A03CD7029B99BBE00B9CC8E /* ChannelViewController.swift in Sources */,
				0A03CD7629B9DA0C00B9CC8E /* Array + Extensions.swift in Sources */,
				0AB6B5C429C1EC3E00361A2C /* ThemesCellDelegate.swift in Sources */,
				0ABA817729CF1B48002D053D /* AlertPresenter.swift in Sources */,
				0A03CD6529B98B4400B9CC8E /* ConfigurableViewProtocol.swift in Sources */,
				0AB6B5BA29C1E5CD00361A2C /* CustomNavBar.swift in Sources */,
				0A03CD5B29B984A500B9CC8E /* UIColor + Extensions.swift in Sources */,
				0A03CD6D29B9910200B9CC8E /* ChannelsListCellModel.swift in Sources */,
				0AB6B5BF29C1EBEB00361A2C /* SettingsViewController.swift in Sources */,
				0A4D605529DB3EAA00585535 /* ProfileViewController.swift in Sources */,
				0AB6B5C229C1EC1600361A2C /* ThemesCell.swift in Sources */,
				0A03CD6929B98E3D00B9CC8E /* Message.swift in Sources */,
			);
			runOnlyForDeploymentPostprocessing = 0;
		};
/* End PBXSourcesBuildPhase section */

/* Begin PBXVariantGroup section */
		0AF3177229A0D66A005417A5 /* LaunchScreen.storyboard */ = {
			isa = PBXVariantGroup;
			children = (
				0AF3177329A0D66A005417A5 /* Base */,
			);
			name = LaunchScreen.storyboard;
			sourceTree = "<group>";
		};
/* End PBXVariantGroup section */

/* Begin XCBuildConfiguration section */
		0AF3177629A0D66A005417A5 /* Debug */ = {
			isa = XCBuildConfiguration;
			buildSettings = {
				ALWAYS_SEARCH_USER_PATHS = NO;
				CLANG_ANALYZER_NONNULL = YES;
				CLANG_ANALYZER_NUMBER_OBJECT_CONVERSION = YES_AGGRESSIVE;
				CLANG_CXX_LANGUAGE_STANDARD = "gnu++20";
				CLANG_ENABLE_MODULES = YES;
				CLANG_ENABLE_OBJC_ARC = YES;
				CLANG_ENABLE_OBJC_WEAK = YES;
				CLANG_WARN_BLOCK_CAPTURE_AUTORELEASING = YES;
				CLANG_WARN_BOOL_CONVERSION = YES;
				CLANG_WARN_COMMA = YES;
				CLANG_WARN_CONSTANT_CONVERSION = YES;
				CLANG_WARN_DEPRECATED_OBJC_IMPLEMENTATIONS = YES;
				CLANG_WARN_DIRECT_OBJC_ISA_USAGE = YES_ERROR;
				CLANG_WARN_DOCUMENTATION_COMMENTS = YES;
				CLANG_WARN_EMPTY_BODY = YES;
				CLANG_WARN_ENUM_CONVERSION = YES;
				CLANG_WARN_INFINITE_RECURSION = YES;
				CLANG_WARN_INT_CONVERSION = YES;
				CLANG_WARN_NON_LITERAL_NULL_CONVERSION = YES;
				CLANG_WARN_OBJC_IMPLICIT_RETAIN_SELF = YES;
				CLANG_WARN_OBJC_LITERAL_CONVERSION = YES;
				CLANG_WARN_OBJC_ROOT_CLASS = YES_ERROR;
				CLANG_WARN_QUOTED_INCLUDE_IN_FRAMEWORK_HEADER = YES;
				CLANG_WARN_RANGE_LOOP_ANALYSIS = YES;
				CLANG_WARN_STRICT_PROTOTYPES = YES;
				CLANG_WARN_SUSPICIOUS_MOVE = YES;
				CLANG_WARN_UNGUARDED_AVAILABILITY = YES_AGGRESSIVE;
				CLANG_WARN_UNREACHABLE_CODE = YES;
				CLANG_WARN__DUPLICATE_METHOD_MATCH = YES;
				COPY_PHASE_STRIP = NO;
				DEBUG_INFORMATION_FORMAT = dwarf;
				ENABLE_STRICT_OBJC_MSGSEND = YES;
				ENABLE_TESTABILITY = YES;
				GCC_C_LANGUAGE_STANDARD = gnu11;
				GCC_DYNAMIC_NO_PIC = NO;
				GCC_NO_COMMON_BLOCKS = YES;
				GCC_OPTIMIZATION_LEVEL = 0;
				GCC_PREPROCESSOR_DEFINITIONS = (
					"DEBUG=1",
					"$(inherited)",
				);
				GCC_WARN_64_TO_32_BIT_CONVERSION = YES;
				GCC_WARN_ABOUT_RETURN_TYPE = YES_ERROR;
				GCC_WARN_UNDECLARED_SELECTOR = YES;
				GCC_WARN_UNINITIALIZED_AUTOS = YES_AGGRESSIVE;
				GCC_WARN_UNUSED_FUNCTION = YES;
				GCC_WARN_UNUSED_VARIABLE = YES;
				IPHONEOS_DEPLOYMENT_TARGET = 14.0;
				MTL_ENABLE_DEBUG_INFO = INCLUDE_SOURCE;
				MTL_FAST_MATH = YES;
				ONLY_ACTIVE_ARCH = YES;
				SDKROOT = iphoneos;
				SWIFT_ACTIVE_COMPILATION_CONDITIONS = DEBUG;
				SWIFT_OPTIMIZATION_LEVEL = "-Onone";
			};
			name = Debug;
		};
		0AF3177729A0D66A005417A5 /* Release */ = {
			isa = XCBuildConfiguration;
			buildSettings = {
				ALWAYS_SEARCH_USER_PATHS = NO;
				CLANG_ANALYZER_NONNULL = YES;
				CLANG_ANALYZER_NUMBER_OBJECT_CONVERSION = YES_AGGRESSIVE;
				CLANG_CXX_LANGUAGE_STANDARD = "gnu++20";
				CLANG_ENABLE_MODULES = YES;
				CLANG_ENABLE_OBJC_ARC = YES;
				CLANG_ENABLE_OBJC_WEAK = YES;
				CLANG_WARN_BLOCK_CAPTURE_AUTORELEASING = YES;
				CLANG_WARN_BOOL_CONVERSION = YES;
				CLANG_WARN_COMMA = YES;
				CLANG_WARN_CONSTANT_CONVERSION = YES;
				CLANG_WARN_DEPRECATED_OBJC_IMPLEMENTATIONS = YES;
				CLANG_WARN_DIRECT_OBJC_ISA_USAGE = YES_ERROR;
				CLANG_WARN_DOCUMENTATION_COMMENTS = YES;
				CLANG_WARN_EMPTY_BODY = YES;
				CLANG_WARN_ENUM_CONVERSION = YES;
				CLANG_WARN_INFINITE_RECURSION = YES;
				CLANG_WARN_INT_CONVERSION = YES;
				CLANG_WARN_NON_LITERAL_NULL_CONVERSION = YES;
				CLANG_WARN_OBJC_IMPLICIT_RETAIN_SELF = YES;
				CLANG_WARN_OBJC_LITERAL_CONVERSION = YES;
				CLANG_WARN_OBJC_ROOT_CLASS = YES_ERROR;
				CLANG_WARN_QUOTED_INCLUDE_IN_FRAMEWORK_HEADER = YES;
				CLANG_WARN_RANGE_LOOP_ANALYSIS = YES;
				CLANG_WARN_STRICT_PROTOTYPES = YES;
				CLANG_WARN_SUSPICIOUS_MOVE = YES;
				CLANG_WARN_UNGUARDED_AVAILABILITY = YES_AGGRESSIVE;
				CLANG_WARN_UNREACHABLE_CODE = YES;
				CLANG_WARN__DUPLICATE_METHOD_MATCH = YES;
				COPY_PHASE_STRIP = NO;
				DEBUG_INFORMATION_FORMAT = "dwarf-with-dsym";
				ENABLE_NS_ASSERTIONS = NO;
				ENABLE_STRICT_OBJC_MSGSEND = YES;
				GCC_C_LANGUAGE_STANDARD = gnu11;
				GCC_NO_COMMON_BLOCKS = YES;
				GCC_WARN_64_TO_32_BIT_CONVERSION = YES;
				GCC_WARN_ABOUT_RETURN_TYPE = YES_ERROR;
				GCC_WARN_UNDECLARED_SELECTOR = YES;
				GCC_WARN_UNINITIALIZED_AUTOS = YES_AGGRESSIVE;
				GCC_WARN_UNUSED_FUNCTION = YES;
				GCC_WARN_UNUSED_VARIABLE = YES;
				IPHONEOS_DEPLOYMENT_TARGET = 14.0;
				MTL_ENABLE_DEBUG_INFO = NO;
				MTL_FAST_MATH = YES;
				SDKROOT = iphoneos;
				SWIFT_COMPILATION_MODE = wholemodule;
				SWIFT_OPTIMIZATION_LEVEL = "-O";
				VALIDATE_PRODUCT = YES;
			};
			name = Release;
		};
		0AF3177929A0D66A005417A5 /* Debug */ = {
			isa = XCBuildConfiguration;
			baseConfigurationReference = EB1789F950297800B2B86C60 /* Pods-Chat.debug.xcconfig */;
			buildSettings = {
				ASSETCATALOG_COMPILER_APPICON_NAME = AppIcon;
				ASSETCATALOG_COMPILER_GLOBAL_ACCENT_COLOR_NAME = AccentColor;
				CODE_SIGN_STYLE = Automatic;
				CURRENT_PROJECT_VERSION = 1;
				DEVELOPMENT_TEAM = VEWJJ8ZGBW;
				GENERATE_INFOPLIST_FILE = YES;
				INFOPLIST_FILE = "Chat/Supporting Files/Info.plist";
				INFOPLIST_KEY_CFBundleDisplayName = "Chat App";
				INFOPLIST_KEY_LSApplicationCategoryType = "public.app-category.social-networking";
				INFOPLIST_KEY_NSCameraUsageDescription = "You can take a photo for your avatar.";
				INFOPLIST_KEY_NSPhotoLibraryUsageDescription = "You can choose pictures for your avatar.";
				INFOPLIST_KEY_UIApplicationSupportsIndirectInputEvents = YES;
				INFOPLIST_KEY_UILaunchStoryboardName = LaunchScreen;
				INFOPLIST_KEY_UISupportedInterfaceOrientations = UIInterfaceOrientationPortrait;
				IPHONEOS_DEPLOYMENT_TARGET = 14.0;
				LD_RUNPATH_SEARCH_PATHS = (
					"$(inherited)",
					"@executable_path/Frameworks",
				);
				MARKETING_VERSION = 1.0;
				PRODUCT_BUNDLE_IDENTIFIER = ru.vikhlyaev.Chat;
				PRODUCT_NAME = "$(TARGET_NAME)";
				SUPPORTED_PLATFORMS = "iphoneos iphonesimulator";
				SUPPORTS_MACCATALYST = NO;
				SUPPORTS_MAC_DESIGNED_FOR_IPHONE_IPAD = NO;
				SWIFT_EMIT_LOC_STRINGS = YES;
				SWIFT_VERSION = 5.0;
				TARGETED_DEVICE_FAMILY = 1;
			};
			name = Debug;
		};
		0AF3177A29A0D66A005417A5 /* Release */ = {
			isa = XCBuildConfiguration;
			baseConfigurationReference = B27474786F61F84813DEE01F /* Pods-Chat.release.xcconfig */;
			buildSettings = {
				ASSETCATALOG_COMPILER_APPICON_NAME = AppIcon;
				ASSETCATALOG_COMPILER_GLOBAL_ACCENT_COLOR_NAME = AccentColor;
				CODE_SIGN_STYLE = Automatic;
				CURRENT_PROJECT_VERSION = 1;
				DEVELOPMENT_TEAM = VEWJJ8ZGBW;
				GENERATE_INFOPLIST_FILE = YES;
				INFOPLIST_FILE = "Chat/Supporting Files/Info.plist";
				INFOPLIST_KEY_CFBundleDisplayName = "Chat App";
				INFOPLIST_KEY_LSApplicationCategoryType = "public.app-category.social-networking";
				INFOPLIST_KEY_NSCameraUsageDescription = "You can take a photo for your avatar.";
				INFOPLIST_KEY_NSPhotoLibraryUsageDescription = "You can choose pictures for your avatar.";
				INFOPLIST_KEY_UIApplicationSupportsIndirectInputEvents = YES;
				INFOPLIST_KEY_UILaunchStoryboardName = LaunchScreen;
				INFOPLIST_KEY_UISupportedInterfaceOrientations = UIInterfaceOrientationPortrait;
				IPHONEOS_DEPLOYMENT_TARGET = 14.0;
				LD_RUNPATH_SEARCH_PATHS = (
					"$(inherited)",
					"@executable_path/Frameworks",
				);
				MARKETING_VERSION = 1.0;
				PRODUCT_BUNDLE_IDENTIFIER = ru.vikhlyaev.Chat;
				PRODUCT_NAME = "$(TARGET_NAME)";
				SUPPORTED_PLATFORMS = "iphoneos iphonesimulator";
				SUPPORTS_MACCATALYST = NO;
				SUPPORTS_MAC_DESIGNED_FOR_IPHONE_IPAD = NO;
				SWIFT_EMIT_LOC_STRINGS = YES;
				SWIFT_VERSION = 5.0;
				TARGETED_DEVICE_FAMILY = 1;
			};
			name = Release;
		};
/* End XCBuildConfiguration section */

/* Begin XCConfigurationList section */
		0AF3175F29A0D667005417A5 /* Build configuration list for PBXProject "Chat" */ = {
			isa = XCConfigurationList;
			buildConfigurations = (
				0AF3177629A0D66A005417A5 /* Debug */,
				0AF3177729A0D66A005417A5 /* Release */,
			);
			defaultConfigurationIsVisible = 0;
			defaultConfigurationName = Release;
		};
		0AF3177829A0D66A005417A5 /* Build configuration list for PBXNativeTarget "Chat" */ = {
			isa = XCConfigurationList;
			buildConfigurations = (
				0AF3177929A0D66A005417A5 /* Debug */,
				0AF3177A29A0D66A005417A5 /* Release */,
			);
			defaultConfigurationIsVisible = 0;
			defaultConfigurationName = Release;
		};
/* End XCConfigurationList section */
	};
	rootObject = 0AF3175C29A0D667005417A5 /* Project object */;
}
